// !$*UTF8*$!
{
	archiveVersion = 1;
	classes = {
	};
	objectVersion = 46;
	objects = {

/* Begin PBXBuildFile section */
		457349E558861FF7F88DF9DB /* Pods_Fit___Run_Tracker_Tests.framework in Frameworks */ = {isa = PBXBuildFile; fileRef = 9006677C6B92C9D80BB65541 /* Pods_Fit___Run_Tracker_Tests.framework */; };
		779A83C864941E512A1105DD /* Pods_Fit___Run_Tracker_UITests.framework in Frameworks */ = {isa = PBXBuildFile; fileRef = F296E637BFDDC5CCA42E56CB /* Pods_Fit___Run_Tracker_UITests.framework */; };
		B0854A1F66311825F51262E7 /* Pods_Fit___Run_Tracker.framework in Frameworks */ = {isa = PBXBuildFile; fileRef = 79E06DEFC8D650154FC9F4A6 /* Pods_Fit___Run_Tracker.framework */; };
		B6001F8E224FB6F600477A1A /* ExtensionsTest.swift in Sources */ = {isa = PBXBuildFile; fileRef = B6001F8D224FB6F600477A1A /* ExtensionsTest.swift */; };
		B602096E1AAF2D3D00559D2F /* MoreTableViewController.swift in Sources */ = {isa = PBXBuildFile; fileRef = B602096D1AAF2D3D00559D2F /* MoreTableViewController.swift */; };
		B603C160224AC9ED00B7A3A0 /* ConversionsTest.swift in Sources */ = {isa = PBXBuildFile; fileRef = B603C15F224AC9ED00B7A3A0 /* ConversionsTest.swift */; };
		B609B82C1A49B47A006664D5 /* StravaAuth.m in Sources */ = {isa = PBXBuildFile; fileRef = B609B82B1A49B47A006664D5 /* StravaAuth.m */; };
		B60B10CA1A94B6A5003B30C9 /* RepeatsTableViewController.swift in Sources */ = {isa = PBXBuildFile; fileRef = B60B10C91A94B6A5003B30C9 /* RepeatsTableViewController.swift */; };
		B60B10CC1A950E82003B30C9 /* RepeatSettingsTableViewController.swift in Sources */ = {isa = PBXBuildFile; fileRef = B60B10CB1A950E82003B30C9 /* RepeatSettingsTableViewController.swift */; };
		B60B10CE1A96306D003B30C9 /* CreatePlanViewController.swift in Sources */ = {isa = PBXBuildFile; fileRef = B60B10CD1A96306D003B30C9 /* CreatePlanViewController.swift */; };
		B618ABF31A51F9BB0050EFF0 /* RunTableViewCell.swift in Sources */ = {isa = PBXBuildFile; fileRef = B618ABF21A51F9BB0050EFF0 /* RunTableViewCell.swift */; };
		B618ABF61A53255E0050EFF0 /* RunDetailsViewController.swift in Sources */ = {isa = PBXBuildFile; fileRef = B618ABF51A53255E0050EFF0 /* RunDetailsViewController.swift */; };
		B618ABFA1A5336AD0050EFF0 /* MapOverlay.swift in Sources */ = {isa = PBXBuildFile; fileRef = B618ABF91A5336AD0050EFF0 /* MapOverlay.swift */; };
		B620780F1AB0FFEF00817EAD /* RunShoeSelectorTableViewController.swift in Sources */ = {isa = PBXBuildFile; fileRef = B620780E1AB0FFEF00817EAD /* RunShoeSelectorTableViewController.swift */; };
		B621B7451A48C65100A4A49C /* AppDelegate.swift in Sources */ = {isa = PBXBuildFile; fileRef = B621B7441A48C65100A4A49C /* AppDelegate.swift */; };
		B621B74E1A48C65100A4A49C /* Images.xcassets in Resources */ = {isa = PBXBuildFile; fileRef = B621B74D1A48C65100A4A49C /* Images.xcassets */; };
		B621B7511A48C65100A4A49C /* LaunchScreen.xib in Resources */ = {isa = PBXBuildFile; fileRef = B621B74F1A48C65100A4A49C /* LaunchScreen.xib */; };
		B621B7691A48C66E00A4A49C /* Database.m in Sources */ = {isa = PBXBuildFile; fileRef = B621B7681A48C66E00A4A49C /* Database.m */; };
		B621B76D1A48C68900A4A49C /* Shoe.swift in Sources */ = {isa = PBXBuildFile; fileRef = B621B76C1A48C68900A4A49C /* Shoe.swift */; };
		B621B76F1A48C74800A4A49C /* libsqlite3.dylib in Frameworks */ = {isa = PBXBuildFile; fileRef = B621B76E1A48C74800A4A49C /* libsqlite3.dylib */; };
		B621B7791A48D2D100A4A49C /* Conversions.swift in Sources */ = {isa = PBXBuildFile; fileRef = B621B7781A48D2D100A4A49C /* Conversions.swift */; };
		B621B77B1A48DB5400A4A49C /* Plan.swift in Sources */ = {isa = PBXBuildFile; fileRef = B621B77A1A48DB5400A4A49C /* Plan.swift */; };
		B621B77D1A48DB6B00A4A49C /* PlannedRun.swift in Sources */ = {isa = PBXBuildFile; fileRef = B621B77C1A48DB6B00A4A49C /* PlannedRun.swift */; };
		B63601501A9A0ACA0020FB80 /* Extensions.swift in Sources */ = {isa = PBXBuildFile; fileRef = B636014F1A9A0ACA0020FB80 /* Extensions.swift */; };
		B63601531A9A36630020FB80 /* PlannedRunTableViewCell.swift in Sources */ = {isa = PBXBuildFile; fileRef = B63601521A9A36630020FB80 /* PlannedRunTableViewCell.swift */; };
		B647B1AA22A3D72100150530 /* RunsTableViewUITest.swift in Sources */ = {isa = PBXBuildFile; fileRef = B647B1A922A3D72100150530 /* RunsTableViewUITest.swift */; };
		B647B1AE22A40E4C00150530 /* StravaClient.swift in Sources */ = {isa = PBXBuildFile; fileRef = B647B1AD22A40E4C00150530 /* StravaClient.swift */; };
		B6487FA21AB1DD7600DB905E /* PersonalBestsTableViewController.swift in Sources */ = {isa = PBXBuildFile; fileRef = B6487FA11AB1DD7600DB905E /* PersonalBestsTableViewController.swift */; };
		B649540C1AA35BD400A00C1B /* CaloriesAndWeightViewController.swift in Sources */ = {isa = PBXBuildFile; fileRef = B649540B1AA35BD400A00C1B /* CaloriesAndWeightViewController.swift */; };
		B649540E1AA3627800A00C1B /* HealthKit.framework in Frameworks */ = {isa = PBXBuildFile; fileRef = B649540D1AA3627800A00C1B /* HealthKit.framework */; };
		B650074922AC35FF002CCA44 /* RunScore.swift in Sources */ = {isa = PBXBuildFile; fileRef = B650074622AC35FE002CCA44 /* RunScore.swift */; };
		B650074A22AC35FF002CCA44 /* Distance.swift in Sources */ = {isa = PBXBuildFile; fileRef = B650074722AC35FF002CCA44 /* Distance.swift */; };
		B650074B22AC35FF002CCA44 /* Run.swift in Sources */ = {isa = PBXBuildFile; fileRef = B650074822AC35FF002CCA44 /* Run.swift */; };
		B650074D22AC48EA002CCA44 /* DistanceTest.swift in Sources */ = {isa = PBXBuildFile; fileRef = B650074C22AC48EA002CCA44 /* DistanceTest.swift */; };
		B653879B1AB0B5570022325C /* RunSplitsTableViewController.swift in Sources */ = {isa = PBXBuildFile; fileRef = B653879A1AB0B5570022325C /* RunSplitsTableViewController.swift */; };
		B668B4C01A935D230010325B /* CreatePlanBackSegue.swift in Sources */ = {isa = PBXBuildFile; fileRef = B668B4BF1A935D230010325B /* CreatePlanBackSegue.swift */; };
		B668D7C61AB86F6C00CC5E51 /* ShoeTableViewCell.swift in Sources */ = {isa = PBXBuildFile; fileRef = B668D7C51AB86F6C00CC5E51 /* ShoeTableViewCell.swift */; };
		B668DB051A4C782100DC7CE6 /* MainStoryboard.storyboard in Resources */ = {isa = PBXBuildFile; fileRef = B668DB041A4C782100DC7CE6 /* MainStoryboard.storyboard */; };
		B668DB071A4DDF2700DC7CE6 /* HomeTableViewController.swift in Sources */ = {isa = PBXBuildFile; fileRef = B668DB061A4DDF2700DC7CE6 /* HomeTableViewController.swift */; };
		B668DB0F1A4DE8F800DC7CE6 /* ProgressBar.swift in Sources */ = {isa = PBXBuildFile; fileRef = B668DB0E1A4DE8F800DC7CE6 /* ProgressBar.swift */; };
		B67382B91A9F791600497D69 /* GraphCoordinate.swift in Sources */ = {isa = PBXBuildFile; fileRef = B67382B81A9F791600497D69 /* GraphCoordinate.swift */; };
		B67609381A49BB76005270ED /* StravaRuns.m in Sources */ = {isa = PBXBuildFile; fileRef = B67609371A49BB76005270ED /* StravaRuns.m */; };
		B676093A1A49D256005270ED /* MapKit.framework in Frameworks */ = {isa = PBXBuildFile; fileRef = B67609391A49D256005270ED /* MapKit.framework */; };
		B68962F91A93D07600CCCFEA /* DistancePicker.swift in Sources */ = {isa = PBXBuildFile; fileRef = B68962F81A93D07600CCCFEA /* DistancePicker.swift */; };
		B694FC3B2280831C0074A893 /* PersonalBestsStoreTest.swift in Sources */ = {isa = PBXBuildFile; fileRef = B694FC3A2280831C0074A893 /* PersonalBestsStoreTest.swift */; };
		B694FC3E2280878C0074A893 /* PersonalBestsTableViewTest.swift in Sources */ = {isa = PBXBuildFile; fileRef = B694FC3D2280878C0074A893 /* PersonalBestsTableViewTest.swift */; };
		B6995A4E1AB36F8700686327 /* ShoePicker.swift in Sources */ = {isa = PBXBuildFile; fileRef = B6995A4D1AB36F8700686327 /* ShoePicker.swift */; };
		B69B80C12274F6CD000C05D2 /* RunCellFactory.swift in Sources */ = {isa = PBXBuildFile; fileRef = B69B80C02274F6CD000C05D2 /* RunCellFactory.swift */; };
		B69B80C52274F787000C05D2 /* PersonalBest.swift in Sources */ = {isa = PBXBuildFile; fileRef = B69B80C42274F787000C05D2 /* PersonalBest.swift */; };
		B69B80C72274F799000C05D2 /* PersonalBestStore.swift in Sources */ = {isa = PBXBuildFile; fileRef = B69B80C62274F799000C05D2 /* PersonalBestStore.swift */; };
		B69B80C92274F7AF000C05D2 /* PersonalBestCellFactory.swift in Sources */ = {isa = PBXBuildFile; fileRef = B69B80C82274F7AF000C05D2 /* PersonalBestCellFactory.swift */; };
		B69B80CB2274FA19000C05D2 /* PersonalBestTableViewCell.swift in Sources */ = {isa = PBXBuildFile; fileRef = B69B80CA2274FA19000C05D2 /* PersonalBestTableViewCell.swift */; };
		B69E48031AA614DB00129A08 /* WeightProgressBar.swift in Sources */ = {isa = PBXBuildFile; fileRef = B69E48021AA614DB00129A08 /* WeightProgressBar.swift */; };
		B6B19FE91A4F89D800978FED /* RunsTableViewController.swift in Sources */ = {isa = PBXBuildFile; fileRef = B6B19FE81A4F89D800978FED /* RunsTableViewController.swift */; };
		B6C5FA001A7000DC00405D25 /* SetupViewController.swift in Sources */ = {isa = PBXBuildFile; fileRef = B6C5F9FF1A7000DC00405D25 /* SetupViewController.swift */; };
		B6C9CC1D1A7EC21D00EE8B5E /* Constants.swift in Sources */ = {isa = PBXBuildFile; fileRef = B6C9CC1C1A7EC21D00EE8B5E /* Constants.swift */; };
		B6C9CC1F1A7F935200EE8B5E /* AddRunTableViewController.swift in Sources */ = {isa = PBXBuildFile; fileRef = B6C9CC1E1A7F935200EE8B5E /* AddRunTableViewController.swift */; };
		B6CFA95C1A9F6067000EDB00 /* Graph.swift in Sources */ = {isa = PBXBuildFile; fileRef = B6CFA95B1A9F6067000EDB00 /* Graph.swift */; };
		B6DBBB6A22A5B3FE0078B7E3 /* Date.swift in Sources */ = {isa = PBXBuildFile; fileRef = B6DBBB6922A5B3FE0078B7E3 /* Date.swift */; };
		B6DD2D171AA79E2D0081BAE7 /* WeightHistoryViewController.swift in Sources */ = {isa = PBXBuildFile; fileRef = B6DD2D161AA79E2D0081BAE7 /* WeightHistoryViewController.swift */; };
		B6DD2D1A1AA8C7C10081BAE7 /* MyShoesTableViewController.swift in Sources */ = {isa = PBXBuildFile; fileRef = B6DD2D191AA8C7C10081BAE7 /* MyShoesTableViewController.swift */; };
		B6DD2D1E1AA8D0110081BAE7 /* AddNewShoeTableViewController.swift in Sources */ = {isa = PBXBuildFile; fileRef = B6DD2D1D1AA8D0110081BAE7 /* AddNewShoeTableViewController.swift */; };
		B6ECC7371A93D6D4009FE6C0 /* DurationPicker.swift in Sources */ = {isa = PBXBuildFile; fileRef = B6ECC7361A93D6D4009FE6C0 /* DurationPicker.swift */; };
		B6ECC7391A93D776009FE6C0 /* PacePicker.swift in Sources */ = {isa = PBXBuildFile; fileRef = B6ECC7381A93D776009FE6C0 /* PacePicker.swift */; };
		B6ECC73B1A93F5D1009FE6C0 /* NewPlannedRunTableViewController.swift in Sources */ = {isa = PBXBuildFile; fileRef = B6ECC73A1A93F5D1009FE6C0 /* NewPlannedRunTableViewController.swift */; };
		B6F2DCEA2258FA7B00233179 /* RunStore.swift in Sources */ = {isa = PBXBuildFile; fileRef = B6F2DCE92258FA7B00233179 /* RunStore.swift */; };
		B6F2DCEE225900B200233179 /* StoreTableViewDataSource.swift in Sources */ = {isa = PBXBuildFile; fileRef = B6F2DCED225900B200233179 /* StoreTableViewDataSource.swift */; };
		B6F2DCF222590A4400233179 /* Store.swift in Sources */ = {isa = PBXBuildFile; fileRef = B6F2DCF122590A4400233179 /* Store.swift */; };
		B6F2DCF422590DA800233179 /* CellFactory.swift in Sources */ = {isa = PBXBuildFile; fileRef = B6F2DCF322590DA800233179 /* CellFactory.swift */; };
		B6F664C31AB09F0C0079AA18 /* RunPageViewController.swift in Sources */ = {isa = PBXBuildFile; fileRef = B6F664C21AB09F0C0079AA18 /* RunPageViewController.swift */; };
		B6F664C71AB0A4060079AA18 /* RunShoesTableViewController.swift in Sources */ = {isa = PBXBuildFile; fileRef = B6F664C61AB0A4060079AA18 /* RunShoesTableViewController.swift */; };
		B6F9A0DD1A8A4B1600C5828F /* InitialCreatePlanTableViewController.swift in Sources */ = {isa = PBXBuildFile; fileRef = B6F9A0DC1A8A4B1600C5828F /* InitialCreatePlanTableViewController.swift */; };
		B6F9A0E11A9226AC00C5828F /* TrainingPlansTableViewController.swift in Sources */ = {isa = PBXBuildFile; fileRef = B6F9A0E01A9226AC00C5828F /* TrainingPlansTableViewController.swift */; };
		B6FB780F1A86A7C700667897 /* PlanDetailsViewController.swift in Sources */ = {isa = PBXBuildFile; fileRef = B6FB780E1A86A7C700667897 /* PlanDetailsViewController.swift */; };
		B6FB78121A86AA4400667897 /* PlanDetailsTableViewCell.swift in Sources */ = {isa = PBXBuildFile; fileRef = B6FB78111A86AA4400667897 /* PlanDetailsTableViewCell.swift */; };
/* End PBXBuildFile section */

/* Begin PBXContainerItemProxy section */
		B6098E89224822EE00D6DDA7 /* PBXContainerItemProxy */ = {
			isa = PBXContainerItemProxy;
			containerPortal = B621B7371A48C65100A4A49C /* Project object */;
			proxyType = 1;
			remoteGlobalIDString = B621B73E1A48C65100A4A49C;
			remoteInfo = "Fit - Run Tracker";
		};
		B6098E972248231100D6DDA7 /* PBXContainerItemProxy */ = {
			isa = PBXContainerItemProxy;
			containerPortal = B621B7371A48C65100A4A49C /* Project object */;
			proxyType = 1;
			remoteGlobalIDString = B621B73E1A48C65100A4A49C;
			remoteInfo = "Fit - Run Tracker";
		};
/* End PBXContainerItemProxy section */

/* Begin PBXFileReference section */
		2A48CC9DE5FE207CD3B19F6D /* Pods-Fit - Run Tracker UITests.debug.xcconfig */ = {isa = PBXFileReference; includeInIndex = 1; lastKnownFileType = text.xcconfig; name = "Pods-Fit - Run Tracker UITests.debug.xcconfig"; path = "Pods/Target Support Files/Pods-Fit - Run Tracker UITests/Pods-Fit - Run Tracker UITests.debug.xcconfig"; sourceTree = "<group>"; };
		46D05C5352C9521E2D2DB5F9 /* Pods-Fit - Run Tracker.release.xcconfig */ = {isa = PBXFileReference; includeInIndex = 1; lastKnownFileType = text.xcconfig; name = "Pods-Fit - Run Tracker.release.xcconfig"; path = "Pods/Target Support Files/Pods-Fit - Run Tracker/Pods-Fit - Run Tracker.release.xcconfig"; sourceTree = "<group>"; };
		61D5B1A3A033D90DE6DAB7D5 /* Pods-Fit - Run Tracker UITests.release.xcconfig */ = {isa = PBXFileReference; includeInIndex = 1; lastKnownFileType = text.xcconfig; name = "Pods-Fit - Run Tracker UITests.release.xcconfig"; path = "Pods/Target Support Files/Pods-Fit - Run Tracker UITests/Pods-Fit - Run Tracker UITests.release.xcconfig"; sourceTree = "<group>"; };
		79E06DEFC8D650154FC9F4A6 /* Pods_Fit___Run_Tracker.framework */ = {isa = PBXFileReference; explicitFileType = wrapper.framework; includeInIndex = 0; path = "Pods_Fit___Run_Tracker.framework"; sourceTree = BUILT_PRODUCTS_DIR; };
		9006677C6B92C9D80BB65541 /* Pods_Fit___Run_Tracker_Tests.framework */ = {isa = PBXFileReference; explicitFileType = wrapper.framework; includeInIndex = 0; path = "Pods_Fit___Run_Tracker_Tests.framework"; sourceTree = BUILT_PRODUCTS_DIR; };
		9907C6AF86AA473622AC1D78 /* Pods-Fit - Run Tracker.debug.xcconfig */ = {isa = PBXFileReference; includeInIndex = 1; lastKnownFileType = text.xcconfig; name = "Pods-Fit - Run Tracker.debug.xcconfig"; path = "Pods/Target Support Files/Pods-Fit - Run Tracker/Pods-Fit - Run Tracker.debug.xcconfig"; sourceTree = "<group>"; };
		AB29D21B595021F9E0384089 /* Pods-Fit - Run Tracker Tests.debug.xcconfig */ = {isa = PBXFileReference; includeInIndex = 1; lastKnownFileType = text.xcconfig; name = "Pods-Fit - Run Tracker Tests.debug.xcconfig"; path = "Pods/Target Support Files/Pods-Fit - Run Tracker Tests/Pods-Fit - Run Tracker Tests.debug.xcconfig"; sourceTree = "<group>"; };
		B6001F8D224FB6F600477A1A /* ExtensionsTest.swift */ = {isa = PBXFileReference; lastKnownFileType = sourcecode.swift; path = ExtensionsTest.swift; sourceTree = "<group>"; };
		B602096D1AAF2D3D00559D2F /* MoreTableViewController.swift */ = {isa = PBXFileReference; fileEncoding = 4; lastKnownFileType = sourcecode.swift; path = MoreTableViewController.swift; sourceTree = "<group>"; };
		B603C15F224AC9ED00B7A3A0 /* ConversionsTest.swift */ = {isa = PBXFileReference; fileEncoding = 4; lastKnownFileType = sourcecode.swift; path = ConversionsTest.swift; sourceTree = "<group>"; };
		B6098E7F2248150600D6DDA7 /* Fit - Run Tracker.entitlements */ = {isa = PBXFileReference; lastKnownFileType = text.plist.entitlements; path = "Fit - Run Tracker.entitlements"; sourceTree = "<group>"; };
		B6098E84224822EE00D6DDA7 /* Fit - Run Tracker Tests.xctest */ = {isa = PBXFileReference; explicitFileType = wrapper.cfbundle; includeInIndex = 0; path = "Fit - Run Tracker Tests.xctest"; sourceTree = BUILT_PRODUCTS_DIR; };
		B6098E88224822EE00D6DDA7 /* Info.plist */ = {isa = PBXFileReference; lastKnownFileType = text.plist.xml; path = Info.plist; sourceTree = "<group>"; };
		B6098E922248231100D6DDA7 /* Fit - Run Tracker UITests.xctest */ = {isa = PBXFileReference; explicitFileType = wrapper.cfbundle; includeInIndex = 0; path = "Fit - Run Tracker UITests.xctest"; sourceTree = BUILT_PRODUCTS_DIR; };
		B6098E962248231100D6DDA7 /* Info.plist */ = {isa = PBXFileReference; lastKnownFileType = text.plist.xml; path = Info.plist; sourceTree = "<group>"; };
		B609B82A1A49B47A006664D5 /* StravaAuth.h */ = {isa = PBXFileReference; fileEncoding = 4; lastKnownFileType = sourcecode.c.h; path = StravaAuth.h; sourceTree = "<group>"; };
		B609B82B1A49B47A006664D5 /* StravaAuth.m */ = {isa = PBXFileReference; fileEncoding = 4; lastKnownFileType = sourcecode.c.objc; path = StravaAuth.m; sourceTree = "<group>"; };
		B60B10C91A94B6A5003B30C9 /* RepeatsTableViewController.swift */ = {isa = PBXFileReference; fileEncoding = 4; lastKnownFileType = sourcecode.swift; path = RepeatsTableViewController.swift; sourceTree = "<group>"; };
		B60B10CB1A950E82003B30C9 /* RepeatSettingsTableViewController.swift */ = {isa = PBXFileReference; fileEncoding = 4; lastKnownFileType = sourcecode.swift; path = RepeatSettingsTableViewController.swift; sourceTree = "<group>"; };
		B60B10CD1A96306D003B30C9 /* CreatePlanViewController.swift */ = {isa = PBXFileReference; fileEncoding = 4; lastKnownFileType = sourcecode.swift; path = CreatePlanViewController.swift; sourceTree = "<group>"; };
		B618ABF21A51F9BB0050EFF0 /* RunTableViewCell.swift */ = {isa = PBXFileReference; fileEncoding = 4; lastKnownFileType = sourcecode.swift; path = RunTableViewCell.swift; sourceTree = "<group>"; };
		B618ABF51A53255E0050EFF0 /* RunDetailsViewController.swift */ = {isa = PBXFileReference; fileEncoding = 4; lastKnownFileType = sourcecode.swift; path = RunDetailsViewController.swift; sourceTree = "<group>"; };
		B618ABF91A5336AD0050EFF0 /* MapOverlay.swift */ = {isa = PBXFileReference; fileEncoding = 4; lastKnownFileType = sourcecode.swift; path = MapOverlay.swift; sourceTree = "<group>"; };
		B620780E1AB0FFEF00817EAD /* RunShoeSelectorTableViewController.swift */ = {isa = PBXFileReference; fileEncoding = 4; lastKnownFileType = sourcecode.swift; path = RunShoeSelectorTableViewController.swift; sourceTree = "<group>"; };
		B621B73F1A48C65100A4A49C /* Fit - Run Tracker.app */ = {isa = PBXFileReference; explicitFileType = wrapper.application; includeInIndex = 0; path = "Fit - Run Tracker.app"; sourceTree = BUILT_PRODUCTS_DIR; };
		B621B7431A48C65100A4A49C /* Info.plist */ = {isa = PBXFileReference; lastKnownFileType = text.plist.xml; path = Info.plist; sourceTree = "<group>"; };
		B621B7441A48C65100A4A49C /* AppDelegate.swift */ = {isa = PBXFileReference; lastKnownFileType = sourcecode.swift; path = AppDelegate.swift; sourceTree = "<group>"; };
		B621B74D1A48C65100A4A49C /* Images.xcassets */ = {isa = PBXFileReference; lastKnownFileType = folder.assetcatalog; path = Images.xcassets; sourceTree = "<group>"; };
		B621B7501A48C65100A4A49C /* Base */ = {isa = PBXFileReference; lastKnownFileType = file.xib; name = Base; path = Base.lproj/LaunchScreen.xib; sourceTree = "<group>"; };
		B621B7661A48C66D00A4A49C /* Fit - Run Tracker-Bridging-Header.h */ = {isa = PBXFileReference; lastKnownFileType = sourcecode.c.h; path = "Fit - Run Tracker-Bridging-Header.h"; sourceTree = "<group>"; };
		B621B7671A48C66E00A4A49C /* Database.h */ = {isa = PBXFileReference; fileEncoding = 4; lastKnownFileType = sourcecode.c.h; path = Database.h; sourceTree = "<group>"; };
		B621B7681A48C66E00A4A49C /* Database.m */ = {isa = PBXFileReference; fileEncoding = 4; lastKnownFileType = sourcecode.c.objc; path = Database.m; sourceTree = "<group>"; };
		B621B76C1A48C68900A4A49C /* Shoe.swift */ = {isa = PBXFileReference; fileEncoding = 4; lastKnownFileType = sourcecode.swift; path = Shoe.swift; sourceTree = "<group>"; };
		B621B76E1A48C74800A4A49C /* libsqlite3.dylib */ = {isa = PBXFileReference; lastKnownFileType = "compiled.mach-o.dylib"; name = libsqlite3.dylib; path = usr/lib/libsqlite3.dylib; sourceTree = SDKROOT; };
		B621B7781A48D2D100A4A49C /* Conversions.swift */ = {isa = PBXFileReference; fileEncoding = 4; lastKnownFileType = sourcecode.swift; path = Conversions.swift; sourceTree = "<group>"; };
		B621B77A1A48DB5400A4A49C /* Plan.swift */ = {isa = PBXFileReference; fileEncoding = 4; lastKnownFileType = sourcecode.swift; path = Plan.swift; sourceTree = "<group>"; };
		B621B77C1A48DB6B00A4A49C /* PlannedRun.swift */ = {isa = PBXFileReference; fileEncoding = 4; lastKnownFileType = sourcecode.swift; path = PlannedRun.swift; sourceTree = "<group>"; };
		B636014F1A9A0ACA0020FB80 /* Extensions.swift */ = {isa = PBXFileReference; fileEncoding = 4; lastKnownFileType = sourcecode.swift; path = Extensions.swift; sourceTree = "<group>"; };
		B63601521A9A36630020FB80 /* PlannedRunTableViewCell.swift */ = {isa = PBXFileReference; fileEncoding = 4; lastKnownFileType = sourcecode.swift; path = PlannedRunTableViewCell.swift; sourceTree = "<group>"; };
		B647B1A922A3D72100150530 /* RunsTableViewUITest.swift */ = {isa = PBXFileReference; lastKnownFileType = sourcecode.swift; path = RunsTableViewUITest.swift; sourceTree = "<group>"; };
		B647B1AD22A40E4C00150530 /* StravaClient.swift */ = {isa = PBXFileReference; lastKnownFileType = sourcecode.swift; path = StravaClient.swift; sourceTree = "<group>"; };
		B6487FA11AB1DD7600DB905E /* PersonalBestsTableViewController.swift */ = {isa = PBXFileReference; fileEncoding = 4; lastKnownFileType = sourcecode.swift; path = PersonalBestsTableViewController.swift; sourceTree = "<group>"; };
		B649540B1AA35BD400A00C1B /* CaloriesAndWeightViewController.swift */ = {isa = PBXFileReference; fileEncoding = 4; lastKnownFileType = sourcecode.swift; path = CaloriesAndWeightViewController.swift; sourceTree = "<group>"; };
		B649540D1AA3627800A00C1B /* HealthKit.framework */ = {isa = PBXFileReference; lastKnownFileType = wrapper.framework; name = HealthKit.framework; path = System/Library/Frameworks/HealthKit.framework; sourceTree = SDKROOT; };
		B649540F1AA36D4A00A00C1B /* CG4 Coursework.entitlements */ = {isa = PBXFileReference; lastKnownFileType = text.xml; path = "CG4 Coursework.entitlements"; sourceTree = "<group>"; };
		B650074622AC35FE002CCA44 /* RunScore.swift */ = {isa = PBXFileReference; fileEncoding = 4; lastKnownFileType = sourcecode.swift; name = RunScore.swift; path = "Fit - Run Tracker/Run/RunScore.swift"; sourceTree = SOURCE_ROOT; };
		B650074722AC35FF002CCA44 /* Distance.swift */ = {isa = PBXFileReference; fileEncoding = 4; lastKnownFileType = sourcecode.swift; name = Distance.swift; path = "Fit - Run Tracker/Run/Distance.swift"; sourceTree = SOURCE_ROOT; };
		B650074822AC35FF002CCA44 /* Run.swift */ = {isa = PBXFileReference; fileEncoding = 4; lastKnownFileType = sourcecode.swift; name = Run.swift; path = "Fit - Run Tracker/Run/Run.swift"; sourceTree = SOURCE_ROOT; };
		B650074C22AC48EA002CCA44 /* DistanceTest.swift */ = {isa = PBXFileReference; lastKnownFileType = sourcecode.swift; path = DistanceTest.swift; sourceTree = "<group>"; };
		B653879A1AB0B5570022325C /* RunSplitsTableViewController.swift */ = {isa = PBXFileReference; fileEncoding = 4; lastKnownFileType = sourcecode.swift; path = RunSplitsTableViewController.swift; sourceTree = "<group>"; };
		B668B4BF1A935D230010325B /* CreatePlanBackSegue.swift */ = {isa = PBXFileReference; fileEncoding = 4; lastKnownFileType = sourcecode.swift; path = CreatePlanBackSegue.swift; sourceTree = "<group>"; };
		B668D7C51AB86F6C00CC5E51 /* ShoeTableViewCell.swift */ = {isa = PBXFileReference; fileEncoding = 4; lastKnownFileType = sourcecode.swift; path = ShoeTableViewCell.swift; sourceTree = "<group>"; };
		B668DB041A4C782100DC7CE6 /* MainStoryboard.storyboard */ = {isa = PBXFileReference; fileEncoding = 4; lastKnownFileType = file.storyboard; path = MainStoryboard.storyboard; sourceTree = "<group>"; };
		B668DB061A4DDF2700DC7CE6 /* HomeTableViewController.swift */ = {isa = PBXFileReference; fileEncoding = 4; lastKnownFileType = sourcecode.swift; path = HomeTableViewController.swift; sourceTree = "<group>"; };
		B668DB0E1A4DE8F800DC7CE6 /* ProgressBar.swift */ = {isa = PBXFileReference; fileEncoding = 4; lastKnownFileType = sourcecode.swift; path = ProgressBar.swift; sourceTree = "<group>"; };
		B67382B81A9F791600497D69 /* GraphCoordinate.swift */ = {isa = PBXFileReference; fileEncoding = 4; lastKnownFileType = sourcecode.swift; path = GraphCoordinate.swift; sourceTree = "<group>"; };
		B67609361A49BB76005270ED /* StravaRuns.h */ = {isa = PBXFileReference; fileEncoding = 4; lastKnownFileType = sourcecode.c.h; path = StravaRuns.h; sourceTree = "<group>"; };
		B67609371A49BB76005270ED /* StravaRuns.m */ = {isa = PBXFileReference; fileEncoding = 4; lastKnownFileType = sourcecode.c.objc; path = StravaRuns.m; sourceTree = "<group>"; };
		B67609391A49D256005270ED /* MapKit.framework */ = {isa = PBXFileReference; lastKnownFileType = wrapper.framework; name = MapKit.framework; path = System/Library/Frameworks/MapKit.framework; sourceTree = SDKROOT; };
		B68962F81A93D07600CCCFEA /* DistancePicker.swift */ = {isa = PBXFileReference; fileEncoding = 4; lastKnownFileType = sourcecode.swift; path = DistancePicker.swift; sourceTree = "<group>"; };
		B694FC3A2280831C0074A893 /* PersonalBestsStoreTest.swift */ = {isa = PBXFileReference; lastKnownFileType = sourcecode.swift; path = PersonalBestsStoreTest.swift; sourceTree = "<group>"; };
		B694FC3D2280878C0074A893 /* PersonalBestsTableViewTest.swift */ = {isa = PBXFileReference; lastKnownFileType = sourcecode.swift; path = PersonalBestsTableViewTest.swift; sourceTree = "<group>"; };
		B6995A4D1AB36F8700686327 /* ShoePicker.swift */ = {isa = PBXFileReference; fileEncoding = 4; lastKnownFileType = sourcecode.swift; path = ShoePicker.swift; sourceTree = "<group>"; };
		B69B80C02274F6CD000C05D2 /* RunCellFactory.swift */ = {isa = PBXFileReference; lastKnownFileType = sourcecode.swift; path = RunCellFactory.swift; sourceTree = "<group>"; };
		B69B80C42274F787000C05D2 /* PersonalBest.swift */ = {isa = PBXFileReference; lastKnownFileType = sourcecode.swift; path = PersonalBest.swift; sourceTree = "<group>"; };
		B69B80C62274F799000C05D2 /* PersonalBestStore.swift */ = {isa = PBXFileReference; lastKnownFileType = sourcecode.swift; path = PersonalBestStore.swift; sourceTree = "<group>"; };
		B69B80C82274F7AF000C05D2 /* PersonalBestCellFactory.swift */ = {isa = PBXFileReference; lastKnownFileType = sourcecode.swift; path = PersonalBestCellFactory.swift; sourceTree = "<group>"; };
		B69B80CA2274FA19000C05D2 /* PersonalBestTableViewCell.swift */ = {isa = PBXFileReference; lastKnownFileType = sourcecode.swift; path = PersonalBestTableViewCell.swift; sourceTree = "<group>"; };
		B69E48021AA614DB00129A08 /* WeightProgressBar.swift */ = {isa = PBXFileReference; fileEncoding = 4; lastKnownFileType = sourcecode.swift; path = WeightProgressBar.swift; sourceTree = "<group>"; };
		B6B19FE81A4F89D800978FED /* RunsTableViewController.swift */ = {isa = PBXFileReference; fileEncoding = 4; lastKnownFileType = sourcecode.swift; path = RunsTableViewController.swift; sourceTree = "<group>"; };
		B6C5F9FF1A7000DC00405D25 /* SetupViewController.swift */ = {isa = PBXFileReference; fileEncoding = 4; lastKnownFileType = sourcecode.swift; path = SetupViewController.swift; sourceTree = "<group>"; };
		B6C9CC1C1A7EC21D00EE8B5E /* Constants.swift */ = {isa = PBXFileReference; fileEncoding = 4; lastKnownFileType = sourcecode.swift; path = Constants.swift; sourceTree = "<group>"; };
		B6C9CC1E1A7F935200EE8B5E /* AddRunTableViewController.swift */ = {isa = PBXFileReference; fileEncoding = 4; lastKnownFileType = sourcecode.swift; path = AddRunTableViewController.swift; sourceTree = "<group>"; };
		B6CFA95B1A9F6067000EDB00 /* Graph.swift */ = {isa = PBXFileReference; fileEncoding = 4; lastKnownFileType = sourcecode.swift; path = Graph.swift; sourceTree = "<group>"; };
		B6DBBB6922A5B3FE0078B7E3 /* Date.swift */ = {isa = PBXFileReference; lastKnownFileType = sourcecode.swift; path = Date.swift; sourceTree = "<group>"; };
		B6DD2D161AA79E2D0081BAE7 /* WeightHistoryViewController.swift */ = {isa = PBXFileReference; fileEncoding = 4; lastKnownFileType = sourcecode.swift; path = WeightHistoryViewController.swift; sourceTree = "<group>"; };
		B6DD2D191AA8C7C10081BAE7 /* MyShoesTableViewController.swift */ = {isa = PBXFileReference; fileEncoding = 4; lastKnownFileType = sourcecode.swift; path = MyShoesTableViewController.swift; sourceTree = "<group>"; };
		B6DD2D1D1AA8D0110081BAE7 /* AddNewShoeTableViewController.swift */ = {isa = PBXFileReference; fileEncoding = 4; lastKnownFileType = sourcecode.swift; path = AddNewShoeTableViewController.swift; sourceTree = "<group>"; };
		B6ECC7361A93D6D4009FE6C0 /* DurationPicker.swift */ = {isa = PBXFileReference; fileEncoding = 4; lastKnownFileType = sourcecode.swift; path = DurationPicker.swift; sourceTree = "<group>"; };
		B6ECC7381A93D776009FE6C0 /* PacePicker.swift */ = {isa = PBXFileReference; fileEncoding = 4; lastKnownFileType = sourcecode.swift; path = PacePicker.swift; sourceTree = "<group>"; };
		B6ECC73A1A93F5D1009FE6C0 /* NewPlannedRunTableViewController.swift */ = {isa = PBXFileReference; fileEncoding = 4; lastKnownFileType = sourcecode.swift; path = NewPlannedRunTableViewController.swift; sourceTree = "<group>"; };
		B6F2DCE92258FA7B00233179 /* RunStore.swift */ = {isa = PBXFileReference; lastKnownFileType = sourcecode.swift; path = RunStore.swift; sourceTree = "<group>"; };
		B6F2DCED225900B200233179 /* StoreTableViewDataSource.swift */ = {isa = PBXFileReference; lastKnownFileType = sourcecode.swift; path = StoreTableViewDataSource.swift; sourceTree = "<group>"; };
		B6F2DCF122590A4400233179 /* Store.swift */ = {isa = PBXFileReference; lastKnownFileType = sourcecode.swift; path = Store.swift; sourceTree = "<group>"; };
		B6F2DCF322590DA800233179 /* CellFactory.swift */ = {isa = PBXFileReference; lastKnownFileType = sourcecode.swift; path = CellFactory.swift; sourceTree = "<group>"; };
		B6F664C21AB09F0C0079AA18 /* RunPageViewController.swift */ = {isa = PBXFileReference; fileEncoding = 4; lastKnownFileType = sourcecode.swift; path = RunPageViewController.swift; sourceTree = "<group>"; };
		B6F664C61AB0A4060079AA18 /* RunShoesTableViewController.swift */ = {isa = PBXFileReference; fileEncoding = 4; lastKnownFileType = sourcecode.swift; path = RunShoesTableViewController.swift; sourceTree = "<group>"; };
		B6F9A0DC1A8A4B1600C5828F /* InitialCreatePlanTableViewController.swift */ = {isa = PBXFileReference; fileEncoding = 4; lastKnownFileType = sourcecode.swift; path = InitialCreatePlanTableViewController.swift; sourceTree = "<group>"; };
		B6F9A0E01A9226AC00C5828F /* TrainingPlansTableViewController.swift */ = {isa = PBXFileReference; fileEncoding = 4; lastKnownFileType = sourcecode.swift; path = TrainingPlansTableViewController.swift; sourceTree = "<group>"; };
		B6FB780E1A86A7C700667897 /* PlanDetailsViewController.swift */ = {isa = PBXFileReference; fileEncoding = 4; lastKnownFileType = sourcecode.swift; path = PlanDetailsViewController.swift; sourceTree = "<group>"; };
		B6FB78111A86AA4400667897 /* PlanDetailsTableViewCell.swift */ = {isa = PBXFileReference; fileEncoding = 4; lastKnownFileType = sourcecode.swift; path = PlanDetailsTableViewCell.swift; sourceTree = "<group>"; };
		C4B3565B17AA9163AF9CFAF0 /* Pods-Fit - Run Tracker Tests.release.xcconfig */ = {isa = PBXFileReference; includeInIndex = 1; lastKnownFileType = text.xcconfig; name = "Pods-Fit - Run Tracker Tests.release.xcconfig"; path = "Pods/Target Support Files/Pods-Fit - Run Tracker Tests/Pods-Fit - Run Tracker Tests.release.xcconfig"; sourceTree = "<group>"; };
		F296E637BFDDC5CCA42E56CB /* Pods_Fit___Run_Tracker_UITests.framework */ = {isa = PBXFileReference; explicitFileType = wrapper.framework; includeInIndex = 0; path = "Pods_Fit___Run_Tracker_UITests.framework"; sourceTree = BUILT_PRODUCTS_DIR; };
/* End PBXFileReference section */

/* Begin PBXFrameworksBuildPhase section */
		B6098E81224822EE00D6DDA7 /* Frameworks */ = {
			isa = PBXFrameworksBuildPhase;
			buildActionMask = 2147483647;
			files = (
				457349E558861FF7F88DF9DB /* Pods_Fit___Run_Tracker_Tests.framework in Frameworks */,
			);
			runOnlyForDeploymentPostprocessing = 0;
		};
		B6098E8F2248231100D6DDA7 /* Frameworks */ = {
			isa = PBXFrameworksBuildPhase;
			buildActionMask = 2147483647;
			files = (
				779A83C864941E512A1105DD /* Pods_Fit___Run_Tracker_UITests.framework in Frameworks */,
			);
			runOnlyForDeploymentPostprocessing = 0;
		};
		B621B73C1A48C65100A4A49C /* Frameworks */ = {
			isa = PBXFrameworksBuildPhase;
			buildActionMask = 2147483647;
			files = (
				B649540E1AA3627800A00C1B /* HealthKit.framework in Frameworks */,
				B676093A1A49D256005270ED /* MapKit.framework in Frameworks */,
				B621B76F1A48C74800A4A49C /* libsqlite3.dylib in Frameworks */,
				B0854A1F66311825F51262E7 /* Pods_Fit___Run_Tracker.framework in Frameworks */,
			);
			runOnlyForDeploymentPostprocessing = 0;
		};
/* End PBXFrameworksBuildPhase section */

/* Begin PBXGroup section */
		B6098E85224822EE00D6DDA7 /* Fit - Run Tracker Tests */ = {
			isa = PBXGroup;
			children = (
				B694FC39228083020074A893 /* PersonalBests */,
				B603C15F224AC9ED00B7A3A0 /* ConversionsTest.swift */,
				B6001F8D224FB6F600477A1A /* ExtensionsTest.swift */,
				B6098E88224822EE00D6DDA7 /* Info.plist */,
				B650074C22AC48EA002CCA44 /* DistanceTest.swift */,
			);
			path = "Fit - Run Tracker Tests";
			sourceTree = "<group>";
		};
		B6098E932248231100D6DDA7 /* Fit - Run Tracker UITests */ = {
			isa = PBXGroup;
			children = (
				B647B1A822A3D6EF00150530 /* Runs */,
				B694FC3C228087770074A893 /* PersonalBests */,
				B6098E962248231100D6DDA7 /* Info.plist */,
			);
			path = "Fit - Run Tracker UITests";
			sourceTree = "<group>";
		};
		B618ABF41A51FC4D0050EFF0 /* Runs View */ = {
			isa = PBXGroup;
			children = (
				B6B19FE81A4F89D800978FED /* RunsTableViewController.swift */,
				B65387991AB0B3620022325C /* Page View */,
				B618ABF21A51F9BB0050EFF0 /* RunTableViewCell.swift */,
				B618ABF91A5336AD0050EFF0 /* MapOverlay.swift */,
				B6C9CC1E1A7F935200EE8B5E /* AddRunTableViewController.swift */,
			);
			name = "Runs View";
			sourceTree = "<group>";
		};
		B621B7361A48C65100A4A49C = {
			isa = PBXGroup;
			children = (
				B621B7411A48C65100A4A49C /* Fit - Run Tracker */,
				B6098E85224822EE00D6DDA7 /* Fit - Run Tracker Tests */,
				B6098E932248231100D6DDA7 /* Fit - Run Tracker UITests */,
				B621B7401A48C65100A4A49C /* Products */,
				B621B77E1A48E49900A4A49C /* Frameworks */,
				BA1F4CBB64F05C8895231BE6 /* Pods */,
			);
			sourceTree = "<group>";
		};
		B621B7401A48C65100A4A49C /* Products */ = {
			isa = PBXGroup;
			children = (
				B621B73F1A48C65100A4A49C /* Fit - Run Tracker.app */,
				B6098E84224822EE00D6DDA7 /* Fit - Run Tracker Tests.xctest */,
				B6098E922248231100D6DDA7 /* Fit - Run Tracker UITests.xctest */,
			);
			name = Products;
			sourceTree = "<group>";
		};
		B621B7411A48C65100A4A49C /* Fit - Run Tracker */ = {
			isa = PBXGroup;
			children = (
				B650074522AC35EA002CCA44 /* Run */,
				B6DBBB6822A5B3ED0078B7E3 /* Extensions */,
				B647B1AC22A40E2B00150530 /* Strava */,
				B69B80C32274F762000C05D2 /* PersonalBests */,
				B6F2DCE82258FA6C00233179 /* Store */,
				B6CFA95B1A9F6067000EDB00 /* Graph.swift */,
				B621B7781A48D2D100A4A49C /* Conversions.swift */,
				B636014F1A9A0ACA0020FB80 /* Extensions.swift */,
				B668DB0E1A4DE8F800DC7CE6 /* ProgressBar.swift */,
				B69E48021AA614DB00129A08 /* WeightProgressBar.swift */,
				B6C9CC1C1A7EC21D00EE8B5E /* Constants.swift */,
				B6C5F9FF1A7000DC00405D25 /* SetupViewController.swift */,
				B602096D1AAF2D3D00559D2F /* MoreTableViewController.swift */,
				B68962F71A93D05800CCCFEA /* Picker Views */,
				B6E0B66C1A4B1BF100D1CEC4 /* Home View */,
				B618ABF41A51FC4D0050EFF0 /* Runs View */,
				B6FB78101A86A7CE00667897 /* Planned Runs */,
				B649540A1AA35BBA00A00C1B /* Calories and Weight */,
				B6DD2D181AA8C7AC0081BAE7 /* Shoes */,
				B621B7761A48D2A500A4A49C /* Custom Objects */,
				B621B7771A48D2B600A4A49C /* Database */,
				B621B7441A48C65100A4A49C /* AppDelegate.swift */,
				B621B74D1A48C65100A4A49C /* Images.xcassets */,
				B621B74F1A48C65100A4A49C /* LaunchScreen.xib */,
				B668DB041A4C782100DC7CE6 /* MainStoryboard.storyboard */,
				B621B7421A48C65100A4A49C /* Supporting Files */,
				B621B7661A48C66D00A4A49C /* Fit - Run Tracker-Bridging-Header.h */,
			);
			path = "Fit - Run Tracker";
			sourceTree = "<group>";
		};
		B621B7421A48C65100A4A49C /* Supporting Files */ = {
			isa = PBXGroup;
			children = (
				B6098E7F2248150600D6DDA7 /* Fit - Run Tracker.entitlements */,
				B649540F1AA36D4A00A00C1B /* CG4 Coursework.entitlements */,
				B621B7431A48C65100A4A49C /* Info.plist */,
			);
			name = "Supporting Files";
			sourceTree = "<group>";
		};
		B621B7761A48D2A500A4A49C /* Custom Objects */ = {
			isa = PBXGroup;
			children = (
				B67382B81A9F791600497D69 /* GraphCoordinate.swift */,
				B621B76C1A48C68900A4A49C /* Shoe.swift */,
				B621B77A1A48DB5400A4A49C /* Plan.swift */,
				B621B77C1A48DB6B00A4A49C /* PlannedRun.swift */,
			);
			name = "Custom Objects";
			sourceTree = "<group>";
		};
		B621B7771A48D2B600A4A49C /* Database */ = {
			isa = PBXGroup;
			children = (
				B609B82A1A49B47A006664D5 /* StravaAuth.h */,
				B609B82B1A49B47A006664D5 /* StravaAuth.m */,
				B67609361A49BB76005270ED /* StravaRuns.h */,
				B67609371A49BB76005270ED /* StravaRuns.m */,
				B621B7671A48C66E00A4A49C /* Database.h */,
				B621B7681A48C66E00A4A49C /* Database.m */,
			);
			name = Database;
			sourceTree = "<group>";
		};
		B621B77E1A48E49900A4A49C /* Frameworks */ = {
			isa = PBXGroup;
			children = (
				B649540D1AA3627800A00C1B /* HealthKit.framework */,
				B67609391A49D256005270ED /* MapKit.framework */,
				B621B76E1A48C74800A4A49C /* libsqlite3.dylib */,
				79E06DEFC8D650154FC9F4A6 /* Pods_Fit___Run_Tracker.framework */,
				9006677C6B92C9D80BB65541 /* Pods_Fit___Run_Tracker_Tests.framework */,
				F296E637BFDDC5CCA42E56CB /* Pods_Fit___Run_Tracker_UITests.framework */,
			);
			name = Frameworks;
			sourceTree = "<group>";
		};
		B63601511A9A36290020FB80 /* New Planned Run */ = {
			isa = PBXGroup;
			children = (
				B6ECC73A1A93F5D1009FE6C0 /* NewPlannedRunTableViewController.swift */,
				B60B10C91A94B6A5003B30C9 /* RepeatsTableViewController.swift */,
				B60B10CB1A950E82003B30C9 /* RepeatSettingsTableViewController.swift */,
			);
			name = "New Planned Run";
			sourceTree = "<group>";
		};
		B63601541A9A37090020FB80 /* Create Plan */ = {
			isa = PBXGroup;
			children = (
				B60B10CD1A96306D003B30C9 /* CreatePlanViewController.swift */,
				B63601521A9A36630020FB80 /* PlannedRunTableViewCell.swift */,
			);
			name = "Create Plan";
			sourceTree = "<group>";
		};
		B647B1A822A3D6EF00150530 /* Runs */ = {
			isa = PBXGroup;
			children = (
				B647B1A922A3D72100150530 /* RunsTableViewUITest.swift */,
			);
			path = Runs;
			sourceTree = "<group>";
		};
		B647B1AC22A40E2B00150530 /* Strava */ = {
			isa = PBXGroup;
			children = (
				B647B1AD22A40E4C00150530 /* StravaClient.swift */,
			);
			path = Strava;
			sourceTree = "<group>";
		};
		B649540A1AA35BBA00A00C1B /* Calories and Weight */ = {
			isa = PBXGroup;
			children = (
				B649540B1AA35BD400A00C1B /* CaloriesAndWeightViewController.swift */,
				B6DD2D161AA79E2D0081BAE7 /* WeightHistoryViewController.swift */,
			);
			name = "Calories and Weight";
			sourceTree = "<group>";
		};
		B650074522AC35EA002CCA44 /* Run */ = {
			isa = PBXGroup;
			children = (
				B650074722AC35FF002CCA44 /* Distance.swift */,
				B650074822AC35FF002CCA44 /* Run.swift */,
				B650074622AC35FE002CCA44 /* RunScore.swift */,
			);
			path = Run;
			sourceTree = "<group>";
		};
		B65387991AB0B3620022325C /* Page View */ = {
			isa = PBXGroup;
			children = (
				B6F664C21AB09F0C0079AA18 /* RunPageViewController.swift */,
				B618ABF51A53255E0050EFF0 /* RunDetailsViewController.swift */,
				B653879A1AB0B5570022325C /* RunSplitsTableViewController.swift */,
				B6F664C61AB0A4060079AA18 /* RunShoesTableViewController.swift */,
				B620780E1AB0FFEF00817EAD /* RunShoeSelectorTableViewController.swift */,
			);
			name = "Page View";
			sourceTree = "<group>";
		};
		B68962F61A939C8D00CCCFEA /* Plan Creation */ = {
			isa = PBXGroup;
			children = (
				B668B4BF1A935D230010325B /* CreatePlanBackSegue.swift */,
				B6F9A0DC1A8A4B1600C5828F /* InitialCreatePlanTableViewController.swift */,
				B63601541A9A37090020FB80 /* Create Plan */,
				B63601511A9A36290020FB80 /* New Planned Run */,
			);
			name = "Plan Creation";
			sourceTree = "<group>";
		};
		B68962F71A93D05800CCCFEA /* Picker Views */ = {
			isa = PBXGroup;
			children = (
				B6ECC7381A93D776009FE6C0 /* PacePicker.swift */,
				B68962F81A93D07600CCCFEA /* DistancePicker.swift */,
				B6ECC7361A93D6D4009FE6C0 /* DurationPicker.swift */,
				B6995A4D1AB36F8700686327 /* ShoePicker.swift */,
			);
			name = "Picker Views";
			sourceTree = "<group>";
		};
		B694FC39228083020074A893 /* PersonalBests */ = {
			isa = PBXGroup;
			children = (
				B694FC3A2280831C0074A893 /* PersonalBestsStoreTest.swift */,
			);
			path = PersonalBests;
			sourceTree = "<group>";
		};
		B694FC3C228087770074A893 /* PersonalBests */ = {
			isa = PBXGroup;
			children = (
				B694FC3D2280878C0074A893 /* PersonalBestsTableViewTest.swift */,
			);
			path = PersonalBests;
			sourceTree = "<group>";
		};
		B69B80C32274F762000C05D2 /* PersonalBests */ = {
			isa = PBXGroup;
			children = (
				B69B80C42274F787000C05D2 /* PersonalBest.swift */,
				B69B80C62274F799000C05D2 /* PersonalBestStore.swift */,
				B69B80C82274F7AF000C05D2 /* PersonalBestCellFactory.swift */,
				B69B80CA2274FA19000C05D2 /* PersonalBestTableViewCell.swift */,
				B6487FA11AB1DD7600DB905E /* PersonalBestsTableViewController.swift */,
			);
			path = PersonalBests;
			sourceTree = "<group>";
		};
		B6DBBB6822A5B3ED0078B7E3 /* Extensions */ = {
			isa = PBXGroup;
			children = (
				B6DBBB6922A5B3FE0078B7E3 /* Date.swift */,
			);
			path = Extensions;
			sourceTree = "<group>";
		};
		B6DD2D181AA8C7AC0081BAE7 /* Shoes */ = {
			isa = PBXGroup;
			children = (
				B6DD2D191AA8C7C10081BAE7 /* MyShoesTableViewController.swift */,
				B668D7C51AB86F6C00CC5E51 /* ShoeTableViewCell.swift */,
				B6DD2D1D1AA8D0110081BAE7 /* AddNewShoeTableViewController.swift */,
			);
			name = Shoes;
			sourceTree = "<group>";
		};
		B6E0B66C1A4B1BF100D1CEC4 /* Home View */ = {
			isa = PBXGroup;
			children = (
				B668DB061A4DDF2700DC7CE6 /* HomeTableViewController.swift */,
			);
			name = "Home View";
			sourceTree = "<group>";
		};
		B6F2DCE82258FA6C00233179 /* Store */ = {
			isa = PBXGroup;
			children = (
				B6F2DCF122590A4400233179 /* Store.swift */,
				B6F2DCE92258FA7B00233179 /* RunStore.swift */,
				B6F2DCF322590DA800233179 /* CellFactory.swift */,
				B6F2DCED225900B200233179 /* StoreTableViewDataSource.swift */,
				B69B80C02274F6CD000C05D2 /* RunCellFactory.swift */,
			);
			path = Store;
			sourceTree = "<group>";
		};
		B6FB78101A86A7CE00667897 /* Planned Runs */ = {
			isa = PBXGroup;
			children = (
				B6F9A0E01A9226AC00C5828F /* TrainingPlansTableViewController.swift */,
				B6FB780E1A86A7C700667897 /* PlanDetailsViewController.swift */,
				B6FB78111A86AA4400667897 /* PlanDetailsTableViewCell.swift */,
				B68962F61A939C8D00CCCFEA /* Plan Creation */,
			);
			name = "Planned Runs";
			sourceTree = "<group>";
		};
		BA1F4CBB64F05C8895231BE6 /* Pods */ = {
			isa = PBXGroup;
			children = (
				9907C6AF86AA473622AC1D78 /* Pods-Fit - Run Tracker.debug.xcconfig */,
				46D05C5352C9521E2D2DB5F9 /* Pods-Fit - Run Tracker.release.xcconfig */,
				AB29D21B595021F9E0384089 /* Pods-Fit - Run Tracker Tests.debug.xcconfig */,
				C4B3565B17AA9163AF9CFAF0 /* Pods-Fit - Run Tracker Tests.release.xcconfig */,
				2A48CC9DE5FE207CD3B19F6D /* Pods-Fit - Run Tracker UITests.debug.xcconfig */,
				61D5B1A3A033D90DE6DAB7D5 /* Pods-Fit - Run Tracker UITests.release.xcconfig */,
			);
			name = Pods;
			sourceTree = "<group>";
		};
/* End PBXGroup section */

/* Begin PBXNativeTarget section */
		B6098E83224822EE00D6DDA7 /* Fit - Run Tracker Tests */ = {
			isa = PBXNativeTarget;
			buildConfigurationList = B6098E8D224822EE00D6DDA7 /* Build configuration list for PBXNativeTarget "Fit - Run Tracker Tests" */;
			buildPhases = (
				32ED84E160C1C3FAF41AC69F /* [CP] Check Pods Manifest.lock */,
				B6098E80224822EE00D6DDA7 /* Sources */,
				B6098E81224822EE00D6DDA7 /* Frameworks */,
				B6098E82224822EE00D6DDA7 /* Resources */,
			);
			buildRules = (
			);
			dependencies = (
				B6098E8A224822EE00D6DDA7 /* PBXTargetDependency */,
			);
			name = "Fit - Run Tracker Tests";
			productName = "Fit - Run Tracker Tests";
			productReference = B6098E84224822EE00D6DDA7 /* Fit - Run Tracker Tests.xctest */;
			productType = "com.apple.product-type.bundle.unit-test";
		};
		B6098E912248231100D6DDA7 /* Fit - Run Tracker UITests */ = {
			isa = PBXNativeTarget;
			buildConfigurationList = B6098E992248231100D6DDA7 /* Build configuration list for PBXNativeTarget "Fit - Run Tracker UITests" */;
			buildPhases = (
				7C16C20A6A07E556C4A860A5 /* [CP] Check Pods Manifest.lock */,
				B6098E8E2248231100D6DDA7 /* Sources */,
				B6098E8F2248231100D6DDA7 /* Frameworks */,
				B6098E902248231100D6DDA7 /* Resources */,
			);
			buildRules = (
			);
			dependencies = (
				B6098E982248231100D6DDA7 /* PBXTargetDependency */,
			);
			name = "Fit - Run Tracker UITests";
			productName = "Fit - Run Tracker UITests";
			productReference = B6098E922248231100D6DDA7 /* Fit - Run Tracker UITests.xctest */;
			productType = "com.apple.product-type.bundle.ui-testing";
		};
		B621B73E1A48C65100A4A49C /* Fit - Run Tracker */ = {
			isa = PBXNativeTarget;
			buildConfigurationList = B621B7601A48C65100A4A49C /* Build configuration list for PBXNativeTarget "Fit - Run Tracker" */;
			buildPhases = (
				DB9C1D5225E20F59620F5A1E /* [CP] Check Pods Manifest.lock */,
				B621B73B1A48C65100A4A49C /* Sources */,
				B621B73C1A48C65100A4A49C /* Frameworks */,
				B621B73D1A48C65100A4A49C /* Resources */,
				B6098E9C224828F100D6DDA7 /* ShellScript */,
				740000E6BB685F0B83C4D9FF /* [CP] Embed Pods Frameworks */,
			);
			buildRules = (
			);
			dependencies = (
			);
			name = "Fit - Run Tracker";
			productName = "CG4 Coursework";
			productReference = B621B73F1A48C65100A4A49C /* Fit - Run Tracker.app */;
			productType = "com.apple.product-type.application";
		};
/* End PBXNativeTarget section */

/* Begin PBXProject section */
		B621B7371A48C65100A4A49C /* Project object */ = {
			isa = PBXProject;
			attributes = {
				LastSwiftUpdateCheck = 1010;
				LastUpgradeCheck = 1010;
				ORGANIZATIONNAME = "William Ray";
				TargetAttributes = {
					B6098E83224822EE00D6DDA7 = {
						CreatedOnToolsVersion = 10.1;
						DevelopmentTeam = 3G8JD7RB8D;
						LastSwiftMigration = 1020;
						ProvisioningStyle = Automatic;
						TestTargetID = B621B73E1A48C65100A4A49C;
					};
					B6098E912248231100D6DDA7 = {
						CreatedOnToolsVersion = 10.1;
						DevelopmentTeam = 3G8JD7RB8D;
						ProvisioningStyle = Automatic;
						TestTargetID = B621B73E1A48C65100A4A49C;
					};
					B621B73E1A48C65100A4A49C = {
						CreatedOnToolsVersion = 6.1.1;
						DevelopmentTeam = 3G8JD7RB8D;
						LastSwiftMigration = 1010;
						ProvisioningStyle = Automatic;
						SystemCapabilities = {
							com.apple.HealthKit = {
								enabled = 1;
							};
						};
					};
				};
			};
			buildConfigurationList = B621B73A1A48C65100A4A49C /* Build configuration list for PBXProject "Fit - Run Tracker" */;
			compatibilityVersion = "Xcode 3.2";
			developmentRegion = English;
			hasScannedForEncodings = 0;
			knownRegions = (
				English,
				en,
				Base,
			);
			mainGroup = B621B7361A48C65100A4A49C;
			productRefGroup = B621B7401A48C65100A4A49C /* Products */;
			projectDirPath = "";
			projectRoot = "";
			targets = (
				B621B73E1A48C65100A4A49C /* Fit - Run Tracker */,
				B6098E83224822EE00D6DDA7 /* Fit - Run Tracker Tests */,
				B6098E912248231100D6DDA7 /* Fit - Run Tracker UITests */,
			);
		};
/* End PBXProject section */

/* Begin PBXResourcesBuildPhase section */
		B6098E82224822EE00D6DDA7 /* Resources */ = {
			isa = PBXResourcesBuildPhase;
			buildActionMask = 2147483647;
			files = (
			);
			runOnlyForDeploymentPostprocessing = 0;
		};
		B6098E902248231100D6DDA7 /* Resources */ = {
			isa = PBXResourcesBuildPhase;
			buildActionMask = 2147483647;
			files = (
			);
			runOnlyForDeploymentPostprocessing = 0;
		};
		B621B73D1A48C65100A4A49C /* Resources */ = {
			isa = PBXResourcesBuildPhase;
			buildActionMask = 2147483647;
			files = (
				B668DB051A4C782100DC7CE6 /* MainStoryboard.storyboard in Resources */,
				B621B7511A48C65100A4A49C /* LaunchScreen.xib in Resources */,
				B621B74E1A48C65100A4A49C /* Images.xcassets in Resources */,
			);
			runOnlyForDeploymentPostprocessing = 0;
		};
/* End PBXResourcesBuildPhase section */

/* Begin PBXShellScriptBuildPhase section */
		32ED84E160C1C3FAF41AC69F /* [CP] Check Pods Manifest.lock */ = {
			isa = PBXShellScriptBuildPhase;
			buildActionMask = 2147483647;
			files = (
			);
			inputFileListPaths = (
			);
			inputPaths = (
				"${PODS_PODFILE_DIR_PATH}/Podfile.lock",
				"${PODS_ROOT}/Manifest.lock",
			);
			name = "[CP] Check Pods Manifest.lock";
			outputFileListPaths = (
			);
			outputPaths = (
				"$(DERIVED_FILE_DIR)/Pods-Fit - Run Tracker Tests-checkManifestLockResult.txt",
			);
			runOnlyForDeploymentPostprocessing = 0;
			shellPath = /bin/sh;
			shellScript = "diff \"${PODS_PODFILE_DIR_PATH}/Podfile.lock\" \"${PODS_ROOT}/Manifest.lock\" > /dev/null\nif [ $? != 0 ] ; then\n    # print error to STDERR\n    echo \"error: The sandbox is not in sync with the Podfile.lock. Run 'pod install' or update your CocoaPods installation.\" >&2\n    exit 1\nfi\n# This output is used by Xcode 'outputs' to avoid re-running this script phase.\necho \"SUCCESS\" > \"${SCRIPT_OUTPUT_FILE_0}\"\n";
			showEnvVarsInLog = 0;
		};
		740000E6BB685F0B83C4D9FF /* [CP] Embed Pods Frameworks */ = {
			isa = PBXShellScriptBuildPhase;
			buildActionMask = 2147483647;
			files = (
			);
			inputFileListPaths = (
			);
			inputPaths = (
				"${SRCROOT}/Pods/Target Support Files/Pods-Fit - Run Tracker/Pods-Fit - Run Tracker-frameworks.sh",
				"${BUILT_PRODUCTS_DIR}/AFNetworking/AFNetworking.framework",
				"${BUILT_PRODUCTS_DIR}/DateToolsSwift/DateToolsSwift.framework",
				"${BUILT_PRODUCTS_DIR}/FRDStravaClient/FRDStravaClient.framework",
				"${BUILT_PRODUCTS_DIR}/Mantle/Mantle.framework",
			);
			name = "[CP] Embed Pods Frameworks";
			outputFileListPaths = (
			);
			outputPaths = (
				"${TARGET_BUILD_DIR}/${FRAMEWORKS_FOLDER_PATH}/AFNetworking.framework",
				"${TARGET_BUILD_DIR}/${FRAMEWORKS_FOLDER_PATH}/DateToolsSwift.framework",
				"${TARGET_BUILD_DIR}/${FRAMEWORKS_FOLDER_PATH}/FRDStravaClient.framework",
				"${TARGET_BUILD_DIR}/${FRAMEWORKS_FOLDER_PATH}/Mantle.framework",
			);
			runOnlyForDeploymentPostprocessing = 0;
			shellPath = /bin/sh;
			shellScript = "\"${SRCROOT}/Pods/Target Support Files/Pods-Fit - Run Tracker/Pods-Fit - Run Tracker-frameworks.sh\"\n";
			showEnvVarsInLog = 0;
		};
		7C16C20A6A07E556C4A860A5 /* [CP] Check Pods Manifest.lock */ = {
			isa = PBXShellScriptBuildPhase;
			buildActionMask = 2147483647;
			files = (
			);
			inputFileListPaths = (
			);
			inputPaths = (
				"${PODS_PODFILE_DIR_PATH}/Podfile.lock",
				"${PODS_ROOT}/Manifest.lock",
			);
			name = "[CP] Check Pods Manifest.lock";
			outputFileListPaths = (
			);
			outputPaths = (
				"$(DERIVED_FILE_DIR)/Pods-Fit - Run Tracker UITests-checkManifestLockResult.txt",
			);
			runOnlyForDeploymentPostprocessing = 0;
			shellPath = /bin/sh;
			shellScript = "diff \"${PODS_PODFILE_DIR_PATH}/Podfile.lock\" \"${PODS_ROOT}/Manifest.lock\" > /dev/null\nif [ $? != 0 ] ; then\n    # print error to STDERR\n    echo \"error: The sandbox is not in sync with the Podfile.lock. Run 'pod install' or update your CocoaPods installation.\" >&2\n    exit 1\nfi\n# This output is used by Xcode 'outputs' to avoid re-running this script phase.\necho \"SUCCESS\" > \"${SCRIPT_OUTPUT_FILE_0}\"\n";
			showEnvVarsInLog = 0;
		};
		B6098E9C224828F100D6DDA7 /* ShellScript */ = {
			isa = PBXShellScriptBuildPhase;
			buildActionMask = 2147483647;
			files = (
			);
			inputFileListPaths = (
			);
			inputPaths = (
			);
			outputFileListPaths = (
			);
			outputPaths = (
			);
			runOnlyForDeploymentPostprocessing = 0;
			shellPath = /bin/sh;
			shellScript = "if which swiftlint >/dev/null; then\nswiftlint\nelse\necho \"warning: SwiftLint not installed, download from https://github.com/realm/SwiftLint\"\nfi\n";
		};
		DB9C1D5225E20F59620F5A1E /* [CP] Check Pods Manifest.lock */ = {
			isa = PBXShellScriptBuildPhase;
			buildActionMask = 2147483647;
			files = (
			);
			inputFileListPaths = (
			);
			inputPaths = (
				"${PODS_PODFILE_DIR_PATH}/Podfile.lock",
				"${PODS_ROOT}/Manifest.lock",
			);
			name = "[CP] Check Pods Manifest.lock";
			outputFileListPaths = (
			);
			outputPaths = (
				"$(DERIVED_FILE_DIR)/Pods-Fit - Run Tracker-checkManifestLockResult.txt",
			);
			runOnlyForDeploymentPostprocessing = 0;
			shellPath = /bin/sh;
			shellScript = "diff \"${PODS_PODFILE_DIR_PATH}/Podfile.lock\" \"${PODS_ROOT}/Manifest.lock\" > /dev/null\nif [ $? != 0 ] ; then\n    # print error to STDERR\n    echo \"error: The sandbox is not in sync with the Podfile.lock. Run 'pod install' or update your CocoaPods installation.\" >&2\n    exit 1\nfi\n# This output is used by Xcode 'outputs' to avoid re-running this script phase.\necho \"SUCCESS\" > \"${SCRIPT_OUTPUT_FILE_0}\"\n";
			showEnvVarsInLog = 0;
		};
/* End PBXShellScriptBuildPhase section */

/* Begin PBXSourcesBuildPhase section */
		B6098E80224822EE00D6DDA7 /* Sources */ = {
			isa = PBXSourcesBuildPhase;
			buildActionMask = 2147483647;
			files = (
				B650074D22AC48EA002CCA44 /* DistanceTest.swift in Sources */,
				B603C160224AC9ED00B7A3A0 /* ConversionsTest.swift in Sources */,
				B6001F8E224FB6F600477A1A /* ExtensionsTest.swift in Sources */,
				B694FC3B2280831C0074A893 /* PersonalBestsStoreTest.swift in Sources */,
			);
			runOnlyForDeploymentPostprocessing = 0;
		};
		B6098E8E2248231100D6DDA7 /* Sources */ = {
			isa = PBXSourcesBuildPhase;
			buildActionMask = 2147483647;
			files = (
				B694FC3E2280878C0074A893 /* PersonalBestsTableViewTest.swift in Sources */,
				B647B1AA22A3D72100150530 /* RunsTableViewUITest.swift in Sources */,
			);
			runOnlyForDeploymentPostprocessing = 0;
		};
		B621B73B1A48C65100A4A49C /* Sources */ = {
			isa = PBXSourcesBuildPhase;
			buildActionMask = 2147483647;
			files = (
				B67382B91A9F791600497D69 /* GraphCoordinate.swift in Sources */,
				B6FB78121A86AA4400667897 /* PlanDetailsTableViewCell.swift in Sources */,
				B6F9A0E11A9226AC00C5828F /* TrainingPlansTableViewController.swift in Sources */,
				B6FB780F1A86A7C700667897 /* PlanDetailsViewController.swift in Sources */,
				B668DB071A4DDF2700DC7CE6 /* HomeTableViewController.swift in Sources */,
				B6DBBB6A22A5B3FE0078B7E3 /* Date.swift in Sources */,
				B6F2DCF422590DA800233179 /* CellFactory.swift in Sources */,
				B621B77B1A48DB5400A4A49C /* Plan.swift in Sources */,
				B6F2DCEA2258FA7B00233179 /* RunStore.swift in Sources */,
				B69B80C52274F787000C05D2 /* PersonalBest.swift in Sources */,
				B6C9CC1F1A7F935200EE8B5E /* AddRunTableViewController.swift in Sources */,
				B6995A4E1AB36F8700686327 /* ShoePicker.swift in Sources */,
				B649540C1AA35BD400A00C1B /* CaloriesAndWeightViewController.swift in Sources */,
				B620780F1AB0FFEF00817EAD /* RunShoeSelectorTableViewController.swift in Sources */,
				B621B77D1A48DB6B00A4A49C /* PlannedRun.swift in Sources */,
				B6F664C71AB0A4060079AA18 /* RunShoesTableViewController.swift in Sources */,
				B69B80CB2274FA19000C05D2 /* PersonalBestTableViewCell.swift in Sources */,
				B6DD2D1A1AA8C7C10081BAE7 /* MyShoesTableViewController.swift in Sources */,
				B6F2DCEE225900B200233179 /* StoreTableViewDataSource.swift in Sources */,
				B653879B1AB0B5570022325C /* RunSplitsTableViewController.swift in Sources */,
				B618ABF61A53255E0050EFF0 /* RunDetailsViewController.swift in Sources */,
				B647B1AE22A40E4C00150530 /* StravaClient.swift in Sources */,
				B6ECC73B1A93F5D1009FE6C0 /* NewPlannedRunTableViewController.swift in Sources */,
				B621B76D1A48C68900A4A49C /* Shoe.swift in Sources */,
				B650074A22AC35FF002CCA44 /* Distance.swift in Sources */,
				B69B80C72274F799000C05D2 /* PersonalBestStore.swift in Sources */,
				B69B80C92274F7AF000C05D2 /* PersonalBestCellFactory.swift in Sources */,
				B6C9CC1D1A7EC21D00EE8B5E /* Constants.swift in Sources */,
				B68962F91A93D07600CCCFEA /* DistancePicker.swift in Sources */,
				B668DB0F1A4DE8F800DC7CE6 /* ProgressBar.swift in Sources */,
				B609B82C1A49B47A006664D5 /* StravaAuth.m in Sources */,
				B60B10CC1A950E82003B30C9 /* RepeatSettingsTableViewController.swift in Sources */,
				B668B4C01A935D230010325B /* CreatePlanBackSegue.swift in Sources */,
				B60B10CA1A94B6A5003B30C9 /* RepeatsTableViewController.swift in Sources */,
				B6F2DCF222590A4400233179 /* Store.swift in Sources */,
				B63601531A9A36630020FB80 /* PlannedRunTableViewCell.swift in Sources */,
				B621B7791A48D2D100A4A49C /* Conversions.swift in Sources */,
				B621B7451A48C65100A4A49C /* AppDelegate.swift in Sources */,
				B618ABF31A51F9BB0050EFF0 /* RunTableViewCell.swift in Sources */,
				B6F9A0DD1A8A4B1600C5828F /* InitialCreatePlanTableViewController.swift in Sources */,
				B6487FA21AB1DD7600DB905E /* PersonalBestsTableViewController.swift in Sources */,
				B67609381A49BB76005270ED /* StravaRuns.m in Sources */,
				B69E48031AA614DB00129A08 /* WeightProgressBar.swift in Sources */,
				B69B80C12274F6CD000C05D2 /* RunCellFactory.swift in Sources */,
				B6CFA95C1A9F6067000EDB00 /* Graph.swift in Sources */,
				B621B7691A48C66E00A4A49C /* Database.m in Sources */,
				B63601501A9A0ACA0020FB80 /* Extensions.swift in Sources */,
				B6B19FE91A4F89D800978FED /* RunsTableViewController.swift in Sources */,
				B668D7C61AB86F6C00CC5E51 /* ShoeTableViewCell.swift in Sources */,
				B60B10CE1A96306D003B30C9 /* CreatePlanViewController.swift in Sources */,
				B6C5FA001A7000DC00405D25 /* SetupViewController.swift in Sources */,
				B6ECC7391A93D776009FE6C0 /* PacePicker.swift in Sources */,
				B650074922AC35FF002CCA44 /* RunScore.swift in Sources */,
				B6ECC7371A93D6D4009FE6C0 /* DurationPicker.swift in Sources */,
				B6F664C31AB09F0C0079AA18 /* RunPageViewController.swift in Sources */,
				B602096E1AAF2D3D00559D2F /* MoreTableViewController.swift in Sources */,
				B6DD2D1E1AA8D0110081BAE7 /* AddNewShoeTableViewController.swift in Sources */,
				B618ABFA1A5336AD0050EFF0 /* MapOverlay.swift in Sources */,
				B6DD2D171AA79E2D0081BAE7 /* WeightHistoryViewController.swift in Sources */,
				B650074B22AC35FF002CCA44 /* Run.swift in Sources */,
			);
			runOnlyForDeploymentPostprocessing = 0;
		};
/* End PBXSourcesBuildPhase section */

/* Begin PBXTargetDependency section */
		B6098E8A224822EE00D6DDA7 /* PBXTargetDependency */ = {
			isa = PBXTargetDependency;
			target = B621B73E1A48C65100A4A49C /* Fit - Run Tracker */;
			targetProxy = B6098E89224822EE00D6DDA7 /* PBXContainerItemProxy */;
		};
		B6098E982248231100D6DDA7 /* PBXTargetDependency */ = {
			isa = PBXTargetDependency;
			target = B621B73E1A48C65100A4A49C /* Fit - Run Tracker */;
			targetProxy = B6098E972248231100D6DDA7 /* PBXContainerItemProxy */;
		};
/* End PBXTargetDependency section */

/* Begin PBXVariantGroup section */
		B621B74F1A48C65100A4A49C /* LaunchScreen.xib */ = {
			isa = PBXVariantGroup;
			children = (
				B621B7501A48C65100A4A49C /* Base */,
			);
			name = LaunchScreen.xib;
			sourceTree = "<group>";
		};
/* End PBXVariantGroup section */

/* Begin XCBuildConfiguration section */
		B6098E8B224822EE00D6DDA7 /* Debug */ = {
			isa = XCBuildConfiguration;
			baseConfigurationReference = AB29D21B595021F9E0384089 /* Pods-Fit - Run Tracker Tests.debug.xcconfig */;
			buildSettings = {
				BUNDLE_LOADER = "$(TEST_HOST)";
				CLANG_ANALYZER_NONNULL = YES;
				CLANG_ANALYZER_NUMBER_OBJECT_CONVERSION = YES_AGGRESSIVE;
				CLANG_CXX_LANGUAGE_STANDARD = "gnu++14";
				CLANG_ENABLE_MODULES = YES;
				CLANG_ENABLE_OBJC_WEAK = YES;
				CLANG_WARN_DOCUMENTATION_COMMENTS = YES;
				CLANG_WARN_UNGUARDED_AVAILABILITY = YES_AGGRESSIVE;
				CODE_SIGN_IDENTITY = "iPhone Developer";
				CODE_SIGN_STYLE = Automatic;
				DEBUG_INFORMATION_FORMAT = dwarf;
				DEVELOPMENT_TEAM = 3G8JD7RB8D;
				GCC_C_LANGUAGE_STANDARD = gnu11;
				INFOPLIST_FILE = "Fit - Run Tracker Tests/Info.plist";
				IPHONEOS_DEPLOYMENT_TARGET = 12.1;
				LD_RUNPATH_SEARCH_PATHS = "$(inherited) @executable_path/Frameworks @loader_path/Frameworks";
				MTL_ENABLE_DEBUG_INFO = INCLUDE_SOURCE;
				MTL_FAST_MATH = YES;
				PRODUCT_BUNDLE_IDENTIFIER = "com.williamray.Fit---Run-Tracker-Tests";
				PRODUCT_NAME = "$(TARGET_NAME)";
				SWIFT_ACTIVE_COMPILATION_CONDITIONS = DEBUG;
				SWIFT_OPTIMIZATION_LEVEL = "-Onone";
				SWIFT_VERSION = 4.2;
				TARGETED_DEVICE_FAMILY = "1,2";
				TEST_HOST = "$(BUILT_PRODUCTS_DIR)/Fit - Run Tracker.app/Fit - Run Tracker";
			};
			name = Debug;
		};
		B6098E8C224822EE00D6DDA7 /* Release */ = {
			isa = XCBuildConfiguration;
			baseConfigurationReference = C4B3565B17AA9163AF9CFAF0 /* Pods-Fit - Run Tracker Tests.release.xcconfig */;
			buildSettings = {
				BUNDLE_LOADER = "$(TEST_HOST)";
				CLANG_ANALYZER_NONNULL = YES;
				CLANG_ANALYZER_NUMBER_OBJECT_CONVERSION = YES_AGGRESSIVE;
				CLANG_CXX_LANGUAGE_STANDARD = "gnu++14";
				CLANG_ENABLE_MODULES = YES;
				CLANG_ENABLE_OBJC_WEAK = YES;
				CLANG_WARN_DOCUMENTATION_COMMENTS = YES;
				CLANG_WARN_UNGUARDED_AVAILABILITY = YES_AGGRESSIVE;
				CODE_SIGN_IDENTITY = "iPhone Developer";
				CODE_SIGN_STYLE = Automatic;
				COPY_PHASE_STRIP = NO;
				DEBUG_INFORMATION_FORMAT = "dwarf-with-dsym";
				DEVELOPMENT_TEAM = 3G8JD7RB8D;
				GCC_C_LANGUAGE_STANDARD = gnu11;
				INFOPLIST_FILE = "Fit - Run Tracker Tests/Info.plist";
				IPHONEOS_DEPLOYMENT_TARGET = 12.1;
				LD_RUNPATH_SEARCH_PATHS = "$(inherited) @executable_path/Frameworks @loader_path/Frameworks";
				MTL_FAST_MATH = YES;
				PRODUCT_BUNDLE_IDENTIFIER = "com.williamray.Fit---Run-Tracker-Tests";
				PRODUCT_NAME = "$(TARGET_NAME)";
				SWIFT_VERSION = 4.2;
				TARGETED_DEVICE_FAMILY = "1,2";
				TEST_HOST = "$(BUILT_PRODUCTS_DIR)/Fit - Run Tracker.app/Fit - Run Tracker";
			};
			name = Release;
		};
		B6098E9A2248231100D6DDA7 /* Debug */ = {
			isa = XCBuildConfiguration;
			baseConfigurationReference = 2A48CC9DE5FE207CD3B19F6D /* Pods-Fit - Run Tracker UITests.debug.xcconfig */;
			buildSettings = {
				CLANG_ANALYZER_NONNULL = YES;
				CLANG_ANALYZER_NUMBER_OBJECT_CONVERSION = YES_AGGRESSIVE;
				CLANG_CXX_LANGUAGE_STANDARD = "gnu++14";
				CLANG_ENABLE_OBJC_WEAK = YES;
				CLANG_WARN_DOCUMENTATION_COMMENTS = YES;
				CLANG_WARN_UNGUARDED_AVAILABILITY = YES_AGGRESSIVE;
				CODE_SIGN_IDENTITY = "iPhone Developer";
				CODE_SIGN_STYLE = Automatic;
				DEBUG_INFORMATION_FORMAT = dwarf;
				DEVELOPMENT_TEAM = 3G8JD7RB8D;
				GCC_C_LANGUAGE_STANDARD = gnu11;
				INFOPLIST_FILE = "Fit - Run Tracker UITests/Info.plist";
				IPHONEOS_DEPLOYMENT_TARGET = 12.1;
				LD_RUNPATH_SEARCH_PATHS = "$(inherited) @executable_path/Frameworks @loader_path/Frameworks";
				MTL_ENABLE_DEBUG_INFO = INCLUDE_SOURCE;
				MTL_FAST_MATH = YES;
				PRODUCT_BUNDLE_IDENTIFIER = "com.williamray.Fit---Run-Tracker-UITests";
				PRODUCT_NAME = "$(TARGET_NAME)";
				SWIFT_ACTIVE_COMPILATION_CONDITIONS = DEBUG;
				SWIFT_VERSION = 4.2;
				TARGETED_DEVICE_FAMILY = "1,2";
				TEST_TARGET_NAME = "Fit - Run Tracker";
			};
			name = Debug;
		};
		B6098E9B2248231100D6DDA7 /* Release */ = {
			isa = XCBuildConfiguration;
			baseConfigurationReference = 61D5B1A3A033D90DE6DAB7D5 /* Pods-Fit - Run Tracker UITests.release.xcconfig */;
			buildSettings = {
				CLANG_ANALYZER_NONNULL = YES;
				CLANG_ANALYZER_NUMBER_OBJECT_CONVERSION = YES_AGGRESSIVE;
				CLANG_CXX_LANGUAGE_STANDARD = "gnu++14";
				CLANG_ENABLE_OBJC_WEAK = YES;
				CLANG_WARN_DOCUMENTATION_COMMENTS = YES;
				CLANG_WARN_UNGUARDED_AVAILABILITY = YES_AGGRESSIVE;
				CODE_SIGN_IDENTITY = "iPhone Developer";
				CODE_SIGN_STYLE = Automatic;
				COPY_PHASE_STRIP = NO;
				DEBUG_INFORMATION_FORMAT = "dwarf-with-dsym";
				DEVELOPMENT_TEAM = 3G8JD7RB8D;
				GCC_C_LANGUAGE_STANDARD = gnu11;
				INFOPLIST_FILE = "Fit - Run Tracker UITests/Info.plist";
				IPHONEOS_DEPLOYMENT_TARGET = 12.1;
				LD_RUNPATH_SEARCH_PATHS = "$(inherited) @executable_path/Frameworks @loader_path/Frameworks";
				MTL_FAST_MATH = YES;
				PRODUCT_BUNDLE_IDENTIFIER = "com.williamray.Fit---Run-Tracker-UITests";
				PRODUCT_NAME = "$(TARGET_NAME)";
				SWIFT_VERSION = 4.2;
				TARGETED_DEVICE_FAMILY = "1,2";
				TEST_TARGET_NAME = "Fit - Run Tracker";
			};
			name = Release;
		};
		B621B75E1A48C65100A4A49C /* Debug */ = {
			isa = XCBuildConfiguration;
			buildSettings = {
				ALWAYS_SEARCH_USER_PATHS = NO;
				CLANG_CXX_LANGUAGE_STANDARD = "gnu++0x";
				CLANG_CXX_LIBRARY = "libc++";
				CLANG_ENABLE_MODULES = YES;
				CLANG_ENABLE_OBJC_ARC = YES;
				CLANG_WARN_BLOCK_CAPTURE_AUTORELEASING = YES;
				CLANG_WARN_BOOL_CONVERSION = YES;
				CLANG_WARN_COMMA = YES;
				CLANG_WARN_CONSTANT_CONVERSION = YES;
				CLANG_WARN_DEPRECATED_OBJC_IMPLEMENTATIONS = YES;
				CLANG_WARN_DIRECT_OBJC_ISA_USAGE = YES_ERROR;
				CLANG_WARN_EMPTY_BODY = YES;
				CLANG_WARN_ENUM_CONVERSION = YES;
				CLANG_WARN_INFINITE_RECURSION = YES;
				CLANG_WARN_INT_CONVERSION = YES;
				CLANG_WARN_NON_LITERAL_NULL_CONVERSION = YES;
				CLANG_WARN_OBJC_IMPLICIT_RETAIN_SELF = YES;
				CLANG_WARN_OBJC_LITERAL_CONVERSION = YES;
				CLANG_WARN_OBJC_ROOT_CLASS = YES_ERROR;
				CLANG_WARN_RANGE_LOOP_ANALYSIS = YES;
				CLANG_WARN_STRICT_PROTOTYPES = YES;
				CLANG_WARN_SUSPICIOUS_MOVE = YES;
				CLANG_WARN_UNREACHABLE_CODE = YES;
				CLANG_WARN__DUPLICATE_METHOD_MATCH = YES;
				"CODE_SIGN_IDENTITY[sdk=iphoneos*]" = "iPhone Developer";
				COPY_PHASE_STRIP = NO;
				ENABLE_STRICT_OBJC_MSGSEND = YES;
				ENABLE_TESTABILITY = YES;
				GCC_C_LANGUAGE_STANDARD = gnu99;
				GCC_DYNAMIC_NO_PIC = NO;
				GCC_NO_COMMON_BLOCKS = YES;
				GCC_OPTIMIZATION_LEVEL = 0;
				GCC_PREPROCESSOR_DEFINITIONS = (
					"DEBUG=1",
					"$(inherited)",
				);
				GCC_SYMBOLS_PRIVATE_EXTERN = NO;
				GCC_WARN_64_TO_32_BIT_CONVERSION = YES;
				GCC_WARN_ABOUT_RETURN_TYPE = YES_ERROR;
				GCC_WARN_UNDECLARED_SELECTOR = YES;
				GCC_WARN_UNINITIALIZED_AUTOS = YES_AGGRESSIVE;
				GCC_WARN_UNUSED_FUNCTION = YES;
				GCC_WARN_UNUSED_VARIABLE = YES;
				IPHONEOS_DEPLOYMENT_TARGET = 10.0;
				MTL_ENABLE_DEBUG_INFO = YES;
				ONLY_ACTIVE_ARCH = YES;
				SDKROOT = iphoneos;
				SWIFT_OPTIMIZATION_LEVEL = "-Onone";
				SWIFT_VERSION = 3.0;
			};
			name = Debug;
		};
		B621B75F1A48C65100A4A49C /* Release */ = {
			isa = XCBuildConfiguration;
			buildSettings = {
				ALWAYS_SEARCH_USER_PATHS = NO;
				CLANG_CXX_LANGUAGE_STANDARD = "gnu++0x";
				CLANG_CXX_LIBRARY = "libc++";
				CLANG_ENABLE_MODULES = YES;
				CLANG_ENABLE_OBJC_ARC = YES;
				CLANG_WARN_BLOCK_CAPTURE_AUTORELEASING = YES;
				CLANG_WARN_BOOL_CONVERSION = YES;
				CLANG_WARN_COMMA = YES;
				CLANG_WARN_CONSTANT_CONVERSION = YES;
				CLANG_WARN_DEPRECATED_OBJC_IMPLEMENTATIONS = YES;
				CLANG_WARN_DIRECT_OBJC_ISA_USAGE = YES_ERROR;
				CLANG_WARN_EMPTY_BODY = YES;
				CLANG_WARN_ENUM_CONVERSION = YES;
				CLANG_WARN_INFINITE_RECURSION = YES;
				CLANG_WARN_INT_CONVERSION = YES;
				CLANG_WARN_NON_LITERAL_NULL_CONVERSION = YES;
				CLANG_WARN_OBJC_IMPLICIT_RETAIN_SELF = YES;
				CLANG_WARN_OBJC_LITERAL_CONVERSION = YES;
				CLANG_WARN_OBJC_ROOT_CLASS = YES_ERROR;
				CLANG_WARN_RANGE_LOOP_ANALYSIS = YES;
				CLANG_WARN_STRICT_PROTOTYPES = YES;
				CLANG_WARN_SUSPICIOUS_MOVE = YES;
				CLANG_WARN_UNREACHABLE_CODE = YES;
				CLANG_WARN__DUPLICATE_METHOD_MATCH = YES;
				"CODE_SIGN_IDENTITY[sdk=iphoneos*]" = "iPhone Developer";
				COPY_PHASE_STRIP = YES;
				ENABLE_NS_ASSERTIONS = NO;
				ENABLE_STRICT_OBJC_MSGSEND = YES;
				GCC_C_LANGUAGE_STANDARD = gnu99;
				GCC_NO_COMMON_BLOCKS = YES;
				GCC_WARN_64_TO_32_BIT_CONVERSION = YES;
				GCC_WARN_ABOUT_RETURN_TYPE = YES_ERROR;
				GCC_WARN_UNDECLARED_SELECTOR = YES;
				GCC_WARN_UNINITIALIZED_AUTOS = YES_AGGRESSIVE;
				GCC_WARN_UNUSED_FUNCTION = YES;
				GCC_WARN_UNUSED_VARIABLE = YES;
				IPHONEOS_DEPLOYMENT_TARGET = 10.0;
				MTL_ENABLE_DEBUG_INFO = NO;
				SDKROOT = iphoneos;
				SWIFT_OPTIMIZATION_LEVEL = "-Owholemodule";
				SWIFT_VERSION = 3.0;
				VALIDATE_PRODUCT = YES;
			};
			name = Release;
		};
		B621B7611A48C65100A4A49C /* Debug */ = {
			isa = XCBuildConfiguration;
			baseConfigurationReference = 9907C6AF86AA473622AC1D78 /* Pods-Fit - Run Tracker.debug.xcconfig */;
			buildSettings = {
				ASSETCATALOG_COMPILER_APPICON_NAME = AppIcon;
				CLANG_ENABLE_MODULES = YES;
				CODE_SIGN_ENTITLEMENTS = "Fit - Run Tracker/Fit - Run Tracker.entitlements";
				CODE_SIGN_IDENTITY = "iPhone Developer";
				"CODE_SIGN_IDENTITY[sdk=iphoneos*]" = "iPhone Developer";
				CODE_SIGN_STYLE = Automatic;
				DEVELOPMENT_TEAM = 3G8JD7RB8D;
				INFOPLIST_FILE = "Fit - Run Tracker/Info.plist";
				IPHONEOS_DEPLOYMENT_TARGET = 8.0;
				LD_RUNPATH_SEARCH_PATHS = "$(inherited) @executable_path/Frameworks";
				PRODUCT_BUNDLE_IDENTIFIER = "com.William-Ray.Fit---Run-Tracker";
				PRODUCT_NAME = "Fit - Run Tracker";
				PROVISIONING_PROFILE = "";
				PROVISIONING_PROFILE_SPECIFIER = "";
				SWIFT_OBJC_BRIDGING_HEADER = "Fit - Run Tracker/Fit - Run Tracker-Bridging-Header.h";
				SWIFT_OPTIMIZATION_LEVEL = "-Onone";
				SWIFT_SWIFT3_OBJC_INFERENCE = On;
				SWIFT_VERSION = 4.2;
				TARGETED_DEVICE_FAMILY = 1;
			};
			name = Debug;
		};
		B621B7621A48C65100A4A49C /* Release */ = {
			isa = XCBuildConfiguration;
			baseConfigurationReference = 46D05C5352C9521E2D2DB5F9 /* Pods-Fit - Run Tracker.release.xcconfig */;
			buildSettings = {
				ASSETCATALOG_COMPILER_APPICON_NAME = AppIcon;
				CLANG_ENABLE_MODULES = YES;
				CODE_SIGN_ENTITLEMENTS = "Fit - Run Tracker/Fit - Run Tracker.entitlements";
				CODE_SIGN_IDENTITY = "iPhone Developer";
				"CODE_SIGN_IDENTITY[sdk=iphoneos*]" = "iPhone Developer";
				CODE_SIGN_STYLE = Automatic;
				DEVELOPMENT_TEAM = 3G8JD7RB8D;
				INFOPLIST_FILE = "Fit - Run Tracker/Info.plist";
				IPHONEOS_DEPLOYMENT_TARGET = 8.0;
				LD_RUNPATH_SEARCH_PATHS = "$(inherited) @executable_path/Frameworks";
				PRODUCT_BUNDLE_IDENTIFIER = "com.William-Ray.Fit---Run-Tracker";
				PRODUCT_NAME = "Fit - Run Tracker";
				PROVISIONING_PROFILE = "";
				PROVISIONING_PROFILE_SPECIFIER = "";
				SWIFT_OBJC_BRIDGING_HEADER = "Fit - Run Tracker/Fit - Run Tracker-Bridging-Header.h";
				SWIFT_SWIFT3_OBJC_INFERENCE = On;
				SWIFT_VERSION = 4.2;
				TARGETED_DEVICE_FAMILY = 1;
			};
			name = Release;
		};
/* End XCBuildConfiguration section */

/* Begin XCConfigurationList section */
		B6098E8D224822EE00D6DDA7 /* Build configuration list for PBXNativeTarget "Fit - Run Tracker Tests" */ = {
			isa = XCConfigurationList;
			buildConfigurations = (
				B6098E8B224822EE00D6DDA7 /* Debug */,
				B6098E8C224822EE00D6DDA7 /* Release */,
			);
			defaultConfigurationIsVisible = 0;
			defaultConfigurationName = Release;
		};
		B6098E992248231100D6DDA7 /* Build configuration list for PBXNativeTarget "Fit - Run Tracker UITests" */ = {
			isa = XCConfigurationList;
			buildConfigurations = (
				B6098E9A2248231100D6DDA7 /* Debug */,
				B6098E9B2248231100D6DDA7 /* Release */,
			);
			defaultConfigurationIsVisible = 0;
			defaultConfigurationName = Release;
		};
		B621B73A1A48C65100A4A49C /* Build configuration list for PBXProject "Fit - Run Tracker" */ = {
			isa = XCConfigurationList;
			buildConfigurations = (
				B621B75E1A48C65100A4A49C /* Debug */,
				B621B75F1A48C65100A4A49C /* Release */,
			);
			defaultConfigurationIsVisible = 0;
			defaultConfigurationName = Release;
		};
		B621B7601A48C65100A4A49C /* Build configuration list for PBXNativeTarget "Fit - Run Tracker" */ = {
			isa = XCConfigurationList;
			buildConfigurations = (
				B621B7611A48C65100A4A49C /* Debug */,
				B621B7621A48C65100A4A49C /* Release */,
			);
			defaultConfigurationIsVisible = 0;
			defaultConfigurationName = Release;
		};
/* End XCConfigurationList section */
	};
	rootObject = B621B7371A48C65100A4A49C /* Project object */;
}
