// !$*UTF8*$!
{
	archiveVersion = 1;
	classes = {
	};
	objectVersion = 46;
	objects = {

/* Begin PBXBuildFile section */
		4C9EF87FA95EE29E916D1818 /* libPods-CG4 Coursework.a in Frameworks */ = {isa = PBXBuildFile; fileRef = 1B9643965B16056C63CC55A1 /* libPods-CG4 Coursework.a */; };
		B602096E1AAF2D3D00559D2F /* MoreTableViewController.swift in Sources */ = {isa = PBXBuildFile; fileRef = B602096D1AAF2D3D00559D2F /* MoreTableViewController.swift */; };
		B609B82C1A49B47A006664D5 /* StravaAuth.m in Sources */ = {isa = PBXBuildFile; fileRef = B609B82B1A49B47A006664D5 /* StravaAuth.m */; };
		B60B10CA1A94B6A5003B30C9 /* RepeatsTableViewController.swift in Sources */ = {isa = PBXBuildFile; fileRef = B60B10C91A94B6A5003B30C9 /* RepeatsTableViewController.swift */; };
		B60B10CC1A950E82003B30C9 /* RepeatSettingsTableViewController.swift in Sources */ = {isa = PBXBuildFile; fileRef = B60B10CB1A950E82003B30C9 /* RepeatSettingsTableViewController.swift */; };
		B60B10CE1A96306D003B30C9 /* CreatePlanViewController.swift in Sources */ = {isa = PBXBuildFile; fileRef = B60B10CD1A96306D003B30C9 /* CreatePlanViewController.swift */; };
		B618ABF31A51F9BB0050EFF0 /* RunTableViewCell.swift in Sources */ = {isa = PBXBuildFile; fileRef = B618ABF21A51F9BB0050EFF0 /* RunTableViewCell.swift */; };
		B618ABF61A53255E0050EFF0 /* RunDetailsViewController.swift in Sources */ = {isa = PBXBuildFile; fileRef = B618ABF51A53255E0050EFF0 /* RunDetailsViewController.swift */; };
		B618ABFA1A5336AD0050EFF0 /* MapOverlay.swift in Sources */ = {isa = PBXBuildFile; fileRef = B618ABF91A5336AD0050EFF0 /* MapOverlay.swift */; };
		B620780F1AB0FFEF00817EAD /* RunShoeSelectorTableViewController.swift in Sources */ = {isa = PBXBuildFile; fileRef = B620780E1AB0FFEF00817EAD /* RunShoeSelectorTableViewController.swift */; };
		B621B7451A48C65100A4A49C /* AppDelegate.swift in Sources */ = {isa = PBXBuildFile; fileRef = B621B7441A48C65100A4A49C /* AppDelegate.swift */; };
		B621B74E1A48C65100A4A49C /* Images.xcassets in Resources */ = {isa = PBXBuildFile; fileRef = B621B74D1A48C65100A4A49C /* Images.xcassets */; };
		B621B7511A48C65100A4A49C /* LaunchScreen.xib in Resources */ = {isa = PBXBuildFile; fileRef = B621B74F1A48C65100A4A49C /* LaunchScreen.xib */; };
		B621B7691A48C66E00A4A49C /* Database.m in Sources */ = {isa = PBXBuildFile; fileRef = B621B7681A48C66E00A4A49C /* Database.m */; };
		B621B76B1A48C67F00A4A49C /* Run.swift in Sources */ = {isa = PBXBuildFile; fileRef = B621B76A1A48C67F00A4A49C /* Run.swift */; };
		B621B76D1A48C68900A4A49C /* Shoe.swift in Sources */ = {isa = PBXBuildFile; fileRef = B621B76C1A48C68900A4A49C /* Shoe.swift */; };
		B621B76F1A48C74800A4A49C /* libsqlite3.dylib in Frameworks */ = {isa = PBXBuildFile; fileRef = B621B76E1A48C74800A4A49C /* libsqlite3.dylib */; };
		B621B7791A48D2D100A4A49C /* Conversions.swift in Sources */ = {isa = PBXBuildFile; fileRef = B621B7781A48D2D100A4A49C /* Conversions.swift */; };
		B621B77B1A48DB5400A4A49C /* Plan.swift in Sources */ = {isa = PBXBuildFile; fileRef = B621B77A1A48DB5400A4A49C /* Plan.swift */; };
		B621B77D1A48DB6B00A4A49C /* PlannedRun.swift in Sources */ = {isa = PBXBuildFile; fileRef = B621B77C1A48DB6B00A4A49C /* PlannedRun.swift */; };
		B63601501A9A0ACA0020FB80 /* Extensions.swift in Sources */ = {isa = PBXBuildFile; fileRef = B636014F1A9A0ACA0020FB80 /* Extensions.swift */; };
		B63601531A9A36630020FB80 /* PlannedRunTableViewCell.swift in Sources */ = {isa = PBXBuildFile; fileRef = B63601521A9A36630020FB80 /* PlannedRunTableViewCell.swift */; };
		B6487FA21AB1DD7600DB905E /* PersonalBestsTableViewController.swift in Sources */ = {isa = PBXBuildFile; fileRef = B6487FA11AB1DD7600DB905E /* PersonalBestsTableViewController.swift */; };
		B649540C1AA35BD400A00C1B /* CaloriesAndWeightViewController.swift in Sources */ = {isa = PBXBuildFile; fileRef = B649540B1AA35BD400A00C1B /* CaloriesAndWeightViewController.swift */; };
		B649540E1AA3627800A00C1B /* HealthKit.framework in Frameworks */ = {isa = PBXBuildFile; fileRef = B649540D1AA3627800A00C1B /* HealthKit.framework */; };
		B653879B1AB0B5570022325C /* RunSplitsTableViewController.swift in Sources */ = {isa = PBXBuildFile; fileRef = B653879A1AB0B5570022325C /* RunSplitsTableViewController.swift */; };
		B668B4C01A935D230010325B /* CreatePlanBackSegue.swift in Sources */ = {isa = PBXBuildFile; fileRef = B668B4BF1A935D230010325B /* CreatePlanBackSegue.swift */; };
		B668D7C61AB86F6C00CC5E51 /* ShoeTableViewCell.swift in Sources */ = {isa = PBXBuildFile; fileRef = B668D7C51AB86F6C00CC5E51 /* ShoeTableViewCell.swift */; };
		B668DB051A4C782100DC7CE6 /* MainStoryboard.storyboard in Resources */ = {isa = PBXBuildFile; fileRef = B668DB041A4C782100DC7CE6 /* MainStoryboard.storyboard */; };
		B668DB071A4DDF2700DC7CE6 /* HomeTableViewController.swift in Sources */ = {isa = PBXBuildFile; fileRef = B668DB061A4DDF2700DC7CE6 /* HomeTableViewController.swift */; };
		B668DB0F1A4DE8F800DC7CE6 /* ProgressBar.swift in Sources */ = {isa = PBXBuildFile; fileRef = B668DB0E1A4DE8F800DC7CE6 /* ProgressBar.swift */; };
		B67382B91A9F791600497D69 /* GraphCoordinate.swift in Sources */ = {isa = PBXBuildFile; fileRef = B67382B81A9F791600497D69 /* GraphCoordinate.swift */; };
		B67609381A49BB76005270ED /* StravaRuns.m in Sources */ = {isa = PBXBuildFile; fileRef = B67609371A49BB76005270ED /* StravaRuns.m */; };
		B676093A1A49D256005270ED /* MapKit.framework in Frameworks */ = {isa = PBXBuildFile; fileRef = B67609391A49D256005270ED /* MapKit.framework */; };
		B68962F91A93D07600CCCFEA /* DistancePicker.swift in Sources */ = {isa = PBXBuildFile; fileRef = B68962F81A93D07600CCCFEA /* DistancePicker.swift */; };
		B6995A4E1AB36F8700686327 /* ShoePicker.swift in Sources */ = {isa = PBXBuildFile; fileRef = B6995A4D1AB36F8700686327 /* ShoePicker.swift */; };
		B69E48031AA614DB00129A08 /* WeightProgressBar.swift in Sources */ = {isa = PBXBuildFile; fileRef = B69E48021AA614DB00129A08 /* WeightProgressBar.swift */; };
		B6B19FE91A4F89D800978FED /* RunsTableViewController.swift in Sources */ = {isa = PBXBuildFile; fileRef = B6B19FE81A4F89D800978FED /* RunsTableViewController.swift */; };
		B6C5FA001A7000DC00405D25 /* SetupViewController.swift in Sources */ = {isa = PBXBuildFile; fileRef = B6C5F9FF1A7000DC00405D25 /* SetupViewController.swift */; };
		B6C9CC1D1A7EC21D00EE8B5E /* Constants.swift in Sources */ = {isa = PBXBuildFile; fileRef = B6C9CC1C1A7EC21D00EE8B5E /* Constants.swift */; };
		B6C9CC1F1A7F935200EE8B5E /* AddRunTableViewController.swift in Sources */ = {isa = PBXBuildFile; fileRef = B6C9CC1E1A7F935200EE8B5E /* AddRunTableViewController.swift */; };
		B6CFA95C1A9F6067000EDB00 /* Graph.swift in Sources */ = {isa = PBXBuildFile; fileRef = B6CFA95B1A9F6067000EDB00 /* Graph.swift */; };
		B6DD2D171AA79E2D0081BAE7 /* WeightHistoryViewController.swift in Sources */ = {isa = PBXBuildFile; fileRef = B6DD2D161AA79E2D0081BAE7 /* WeightHistoryViewController.swift */; };
		B6DD2D1A1AA8C7C10081BAE7 /* MyShoesTableViewController.swift in Sources */ = {isa = PBXBuildFile; fileRef = B6DD2D191AA8C7C10081BAE7 /* MyShoesTableViewController.swift */; };
		B6DD2D1E1AA8D0110081BAE7 /* AddNewShoeTableViewController.swift in Sources */ = {isa = PBXBuildFile; fileRef = B6DD2D1D1AA8D0110081BAE7 /* AddNewShoeTableViewController.swift */; };
		B6ECC7371A93D6D4009FE6C0 /* DurationPicker.swift in Sources */ = {isa = PBXBuildFile; fileRef = B6ECC7361A93D6D4009FE6C0 /* DurationPicker.swift */; };
		B6ECC7391A93D776009FE6C0 /* PacePicker.swift in Sources */ = {isa = PBXBuildFile; fileRef = B6ECC7381A93D776009FE6C0 /* PacePicker.swift */; };
		B6ECC73B1A93F5D1009FE6C0 /* NewPlannedRunTableViewController.swift in Sources */ = {isa = PBXBuildFile; fileRef = B6ECC73A1A93F5D1009FE6C0 /* NewPlannedRunTableViewController.swift */; };
		B6F664C31AB09F0C0079AA18 /* RunPageViewController.swift in Sources */ = {isa = PBXBuildFile; fileRef = B6F664C21AB09F0C0079AA18 /* RunPageViewController.swift */; };
		B6F664C71AB0A4060079AA18 /* RunShoesTableViewController.swift in Sources */ = {isa = PBXBuildFile; fileRef = B6F664C61AB0A4060079AA18 /* RunShoesTableViewController.swift */; };
		B6F9A0DD1A8A4B1600C5828F /* InitialCreatePlanTableViewController.swift in Sources */ = {isa = PBXBuildFile; fileRef = B6F9A0DC1A8A4B1600C5828F /* InitialCreatePlanTableViewController.swift */; };
		B6F9A0E11A9226AC00C5828F /* TrainingPlansTableViewController.swift in Sources */ = {isa = PBXBuildFile; fileRef = B6F9A0E01A9226AC00C5828F /* TrainingPlansTableViewController.swift */; };
		B6FB780F1A86A7C700667897 /* PlanDetailsViewController.swift in Sources */ = {isa = PBXBuildFile; fileRef = B6FB780E1A86A7C700667897 /* PlanDetailsViewController.swift */; };
		B6FB78121A86AA4400667897 /* PlanDetailsTableViewCell.swift in Sources */ = {isa = PBXBuildFile; fileRef = B6FB78111A86AA4400667897 /* PlanDetailsTableViewCell.swift */; };
/* End PBXBuildFile section */

/* Begin PBXFileReference section */
		1B9643965B16056C63CC55A1 /* libPods-CG4 Coursework.a */ = {isa = PBXFileReference; explicitFileType = archive.ar; includeInIndex = 0; path = "libPods-CG4 Coursework.a"; sourceTree = BUILT_PRODUCTS_DIR; };
		3584E6B474B032369155AAC1 /* Pods-CG4 Coursework.release.xcconfig */ = {isa = PBXFileReference; includeInIndex = 1; lastKnownFileType = text.xcconfig; name = "Pods-CG4 Coursework.release.xcconfig"; path = "Pods/Target Support Files/Pods-CG4 Coursework/Pods-CG4 Coursework.release.xcconfig"; sourceTree = "<group>"; };
		404B3079BACA5930E7B1519D /* Pods-CG4 Coursework.debug.xcconfig */ = {isa = PBXFileReference; includeInIndex = 1; lastKnownFileType = text.xcconfig; name = "Pods-CG4 Coursework.debug.xcconfig"; path = "Pods/Target Support Files/Pods-CG4 Coursework/Pods-CG4 Coursework.debug.xcconfig"; sourceTree = "<group>"; };
		B602096D1AAF2D3D00559D2F /* MoreTableViewController.swift */ = {isa = PBXFileReference; fileEncoding = 4; lastKnownFileType = sourcecode.swift; path = MoreTableViewController.swift; sourceTree = "<group>"; };
		B609B82A1A49B47A006664D5 /* StravaAuth.h */ = {isa = PBXFileReference; fileEncoding = 4; lastKnownFileType = sourcecode.c.h; path = StravaAuth.h; sourceTree = "<group>"; };
		B609B82B1A49B47A006664D5 /* StravaAuth.m */ = {isa = PBXFileReference; fileEncoding = 4; lastKnownFileType = sourcecode.c.objc; path = StravaAuth.m; sourceTree = "<group>"; };
		B60B10C91A94B6A5003B30C9 /* RepeatsTableViewController.swift */ = {isa = PBXFileReference; fileEncoding = 4; lastKnownFileType = sourcecode.swift; path = RepeatsTableViewController.swift; sourceTree = "<group>"; };
		B60B10CB1A950E82003B30C9 /* RepeatSettingsTableViewController.swift */ = {isa = PBXFileReference; fileEncoding = 4; lastKnownFileType = sourcecode.swift; path = RepeatSettingsTableViewController.swift; sourceTree = "<group>"; };
		B60B10CD1A96306D003B30C9 /* CreatePlanViewController.swift */ = {isa = PBXFileReference; fileEncoding = 4; lastKnownFileType = sourcecode.swift; path = CreatePlanViewController.swift; sourceTree = "<group>"; };
		B618ABF21A51F9BB0050EFF0 /* RunTableViewCell.swift */ = {isa = PBXFileReference; fileEncoding = 4; lastKnownFileType = sourcecode.swift; path = RunTableViewCell.swift; sourceTree = "<group>"; };
		B618ABF51A53255E0050EFF0 /* RunDetailsViewController.swift */ = {isa = PBXFileReference; fileEncoding = 4; lastKnownFileType = sourcecode.swift; path = RunDetailsViewController.swift; sourceTree = "<group>"; };
		B618ABF91A5336AD0050EFF0 /* MapOverlay.swift */ = {isa = PBXFileReference; fileEncoding = 4; lastKnownFileType = sourcecode.swift; path = MapOverlay.swift; sourceTree = "<group>"; };
		B620780E1AB0FFEF00817EAD /* RunShoeSelectorTableViewController.swift */ = {isa = PBXFileReference; fileEncoding = 4; lastKnownFileType = sourcecode.swift; path = RunShoeSelectorTableViewController.swift; sourceTree = "<group>"; };
		B621B73F1A48C65100A4A49C /* Fit - Run Tracker.app */ = {isa = PBXFileReference; explicitFileType = wrapper.application; includeInIndex = 0; path = "Fit - Run Tracker.app"; sourceTree = BUILT_PRODUCTS_DIR; };
		B621B7431A48C65100A4A49C /* Info.plist */ = {isa = PBXFileReference; lastKnownFileType = text.plist.xml; path = Info.plist; sourceTree = "<group>"; };
		B621B7441A48C65100A4A49C /* AppDelegate.swift */ = {isa = PBXFileReference; lastKnownFileType = sourcecode.swift; path = AppDelegate.swift; sourceTree = "<group>"; };
		B621B74D1A48C65100A4A49C /* Images.xcassets */ = {isa = PBXFileReference; lastKnownFileType = folder.assetcatalog; path = Images.xcassets; sourceTree = "<group>"; };
		B621B7501A48C65100A4A49C /* Base */ = {isa = PBXFileReference; lastKnownFileType = file.xib; name = Base; path = Base.lproj/LaunchScreen.xib; sourceTree = "<group>"; };
		B621B75B1A48C65100A4A49C /* Info.plist */ = {isa = PBXFileReference; lastKnownFileType = text.plist.xml; path = Info.plist; sourceTree = "<group>"; };
		B621B75C1A48C65100A4A49C /* CG4_CourseworkTests.swift */ = {isa = PBXFileReference; lastKnownFileType = sourcecode.swift; path = CG4_CourseworkTests.swift; sourceTree = "<group>"; };
		B621B7661A48C66D00A4A49C /* CG4 Coursework-Bridging-Header.h */ = {isa = PBXFileReference; lastKnownFileType = sourcecode.c.h; path = "CG4 Coursework-Bridging-Header.h"; sourceTree = "<group>"; };
		B621B7671A48C66E00A4A49C /* Database.h */ = {isa = PBXFileReference; fileEncoding = 4; lastKnownFileType = sourcecode.c.h; path = Database.h; sourceTree = "<group>"; };
		B621B7681A48C66E00A4A49C /* Database.m */ = {isa = PBXFileReference; fileEncoding = 4; lastKnownFileType = sourcecode.c.objc; path = Database.m; sourceTree = "<group>"; };
		B621B76A1A48C67F00A4A49C /* Run.swift */ = {isa = PBXFileReference; fileEncoding = 4; lastKnownFileType = sourcecode.swift; path = Run.swift; sourceTree = "<group>"; };
		B621B76C1A48C68900A4A49C /* Shoe.swift */ = {isa = PBXFileReference; fileEncoding = 4; lastKnownFileType = sourcecode.swift; path = Shoe.swift; sourceTree = "<group>"; };
		B621B76E1A48C74800A4A49C /* libsqlite3.dylib */ = {isa = PBXFileReference; lastKnownFileType = "compiled.mach-o.dylib"; name = libsqlite3.dylib; path = usr/lib/libsqlite3.dylib; sourceTree = SDKROOT; };
		B621B7781A48D2D100A4A49C /* Conversions.swift */ = {isa = PBXFileReference; fileEncoding = 4; lastKnownFileType = sourcecode.swift; path = Conversions.swift; sourceTree = "<group>"; };
		B621B77A1A48DB5400A4A49C /* Plan.swift */ = {isa = PBXFileReference; fileEncoding = 4; lastKnownFileType = sourcecode.swift; path = Plan.swift; sourceTree = "<group>"; };
		B621B77C1A48DB6B00A4A49C /* PlannedRun.swift */ = {isa = PBXFileReference; fileEncoding = 4; lastKnownFileType = sourcecode.swift; path = PlannedRun.swift; sourceTree = "<group>"; };
		B636014F1A9A0ACA0020FB80 /* Extensions.swift */ = {isa = PBXFileReference; fileEncoding = 4; lastKnownFileType = sourcecode.swift; path = Extensions.swift; sourceTree = "<group>"; };
		B63601521A9A36630020FB80 /* PlannedRunTableViewCell.swift */ = {isa = PBXFileReference; fileEncoding = 4; lastKnownFileType = sourcecode.swift; path = PlannedRunTableViewCell.swift; sourceTree = "<group>"; };
		B6487FA11AB1DD7600DB905E /* PersonalBestsTableViewController.swift */ = {isa = PBXFileReference; fileEncoding = 4; lastKnownFileType = sourcecode.swift; path = PersonalBestsTableViewController.swift; sourceTree = "<group>"; };
		B649540B1AA35BD400A00C1B /* CaloriesAndWeightViewController.swift */ = {isa = PBXFileReference; fileEncoding = 4; lastKnownFileType = sourcecode.swift; path = CaloriesAndWeightViewController.swift; sourceTree = "<group>"; };
		B649540D1AA3627800A00C1B /* HealthKit.framework */ = {isa = PBXFileReference; lastKnownFileType = wrapper.framework; name = HealthKit.framework; path = System/Library/Frameworks/HealthKit.framework; sourceTree = SDKROOT; };
		B649540F1AA36D4A00A00C1B /* CG4 Coursework.entitlements */ = {isa = PBXFileReference; lastKnownFileType = text.xml; path = "CG4 Coursework.entitlements"; sourceTree = "<group>"; };
		B653879A1AB0B5570022325C /* RunSplitsTableViewController.swift */ = {isa = PBXFileReference; fileEncoding = 4; lastKnownFileType = sourcecode.swift; path = RunSplitsTableViewController.swift; sourceTree = "<group>"; };
		B668B4BF1A935D230010325B /* CreatePlanBackSegue.swift */ = {isa = PBXFileReference; fileEncoding = 4; lastKnownFileType = sourcecode.swift; path = CreatePlanBackSegue.swift; sourceTree = "<group>"; };
		B668D7C51AB86F6C00CC5E51 /* ShoeTableViewCell.swift */ = {isa = PBXFileReference; fileEncoding = 4; lastKnownFileType = sourcecode.swift; path = ShoeTableViewCell.swift; sourceTree = "<group>"; };
		B668DB041A4C782100DC7CE6 /* MainStoryboard.storyboard */ = {isa = PBXFileReference; fileEncoding = 4; lastKnownFileType = file.storyboard; path = MainStoryboard.storyboard; sourceTree = "<group>"; };
		B668DB061A4DDF2700DC7CE6 /* HomeTableViewController.swift */ = {isa = PBXFileReference; fileEncoding = 4; lastKnownFileType = sourcecode.swift; path = HomeTableViewController.swift; sourceTree = "<group>"; };
		B668DB0E1A4DE8F800DC7CE6 /* ProgressBar.swift */ = {isa = PBXFileReference; fileEncoding = 4; lastKnownFileType = sourcecode.swift; path = ProgressBar.swift; sourceTree = "<group>"; };
		B67382B81A9F791600497D69 /* GraphCoordinate.swift */ = {isa = PBXFileReference; fileEncoding = 4; lastKnownFileType = sourcecode.swift; path = GraphCoordinate.swift; sourceTree = "<group>"; };
		B67609361A49BB76005270ED /* StravaRuns.h */ = {isa = PBXFileReference; fileEncoding = 4; lastKnownFileType = sourcecode.c.h; path = StravaRuns.h; sourceTree = "<group>"; };
		B67609371A49BB76005270ED /* StravaRuns.m */ = {isa = PBXFileReference; fileEncoding = 4; lastKnownFileType = sourcecode.c.objc; path = StravaRuns.m; sourceTree = "<group>"; };
		B67609391A49D256005270ED /* MapKit.framework */ = {isa = PBXFileReference; lastKnownFileType = wrapper.framework; name = MapKit.framework; path = System/Library/Frameworks/MapKit.framework; sourceTree = SDKROOT; };
		B68962F81A93D07600CCCFEA /* DistancePicker.swift */ = {isa = PBXFileReference; fileEncoding = 4; lastKnownFileType = sourcecode.swift; path = DistancePicker.swift; sourceTree = "<group>"; };
		B6995A4D1AB36F8700686327 /* ShoePicker.swift */ = {isa = PBXFileReference; fileEncoding = 4; lastKnownFileType = sourcecode.swift; path = ShoePicker.swift; sourceTree = "<group>"; };
		B69E48021AA614DB00129A08 /* WeightProgressBar.swift */ = {isa = PBXFileReference; fileEncoding = 4; lastKnownFileType = sourcecode.swift; path = WeightProgressBar.swift; sourceTree = "<group>"; };
		B6B19FE81A4F89D800978FED /* RunsTableViewController.swift */ = {isa = PBXFileReference; fileEncoding = 4; lastKnownFileType = sourcecode.swift; path = RunsTableViewController.swift; sourceTree = "<group>"; };
		B6C5F9FF1A7000DC00405D25 /* SetupViewController.swift */ = {isa = PBXFileReference; fileEncoding = 4; lastKnownFileType = sourcecode.swift; path = SetupViewController.swift; sourceTree = "<group>"; };
		B6C9CC1C1A7EC21D00EE8B5E /* Constants.swift */ = {isa = PBXFileReference; fileEncoding = 4; lastKnownFileType = sourcecode.swift; path = Constants.swift; sourceTree = "<group>"; };
		B6C9CC1E1A7F935200EE8B5E /* AddRunTableViewController.swift */ = {isa = PBXFileReference; fileEncoding = 4; lastKnownFileType = sourcecode.swift; path = AddRunTableViewController.swift; sourceTree = "<group>"; };
		B6CFA95B1A9F6067000EDB00 /* Graph.swift */ = {isa = PBXFileReference; fileEncoding = 4; lastKnownFileType = sourcecode.swift; path = Graph.swift; sourceTree = "<group>"; };
		B6DD2D161AA79E2D0081BAE7 /* WeightHistoryViewController.swift */ = {isa = PBXFileReference; fileEncoding = 4; lastKnownFileType = sourcecode.swift; path = WeightHistoryViewController.swift; sourceTree = "<group>"; };
		B6DD2D191AA8C7C10081BAE7 /* MyShoesTableViewController.swift */ = {isa = PBXFileReference; fileEncoding = 4; lastKnownFileType = sourcecode.swift; path = MyShoesTableViewController.swift; sourceTree = "<group>"; };
		B6DD2D1D1AA8D0110081BAE7 /* AddNewShoeTableViewController.swift */ = {isa = PBXFileReference; fileEncoding = 4; lastKnownFileType = sourcecode.swift; path = AddNewShoeTableViewController.swift; sourceTree = "<group>"; };
		B6ECC7361A93D6D4009FE6C0 /* DurationPicker.swift */ = {isa = PBXFileReference; fileEncoding = 4; lastKnownFileType = sourcecode.swift; path = DurationPicker.swift; sourceTree = "<group>"; };
		B6ECC7381A93D776009FE6C0 /* PacePicker.swift */ = {isa = PBXFileReference; fileEncoding = 4; lastKnownFileType = sourcecode.swift; path = PacePicker.swift; sourceTree = "<group>"; };
		B6ECC73A1A93F5D1009FE6C0 /* NewPlannedRunTableViewController.swift */ = {isa = PBXFileReference; fileEncoding = 4; lastKnownFileType = sourcecode.swift; path = NewPlannedRunTableViewController.swift; sourceTree = "<group>"; };
		B6F664C21AB09F0C0079AA18 /* RunPageViewController.swift */ = {isa = PBXFileReference; fileEncoding = 4; lastKnownFileType = sourcecode.swift; path = RunPageViewController.swift; sourceTree = "<group>"; };
		B6F664C61AB0A4060079AA18 /* RunShoesTableViewController.swift */ = {isa = PBXFileReference; fileEncoding = 4; lastKnownFileType = sourcecode.swift; path = RunShoesTableViewController.swift; sourceTree = "<group>"; };
		B6F9A0DC1A8A4B1600C5828F /* InitialCreatePlanTableViewController.swift */ = {isa = PBXFileReference; fileEncoding = 4; lastKnownFileType = sourcecode.swift; path = InitialCreatePlanTableViewController.swift; sourceTree = "<group>"; };
		B6F9A0E01A9226AC00C5828F /* TrainingPlansTableViewController.swift */ = {isa = PBXFileReference; fileEncoding = 4; lastKnownFileType = sourcecode.swift; path = TrainingPlansTableViewController.swift; sourceTree = "<group>"; };
		B6FB780E1A86A7C700667897 /* PlanDetailsViewController.swift */ = {isa = PBXFileReference; fileEncoding = 4; lastKnownFileType = sourcecode.swift; path = PlanDetailsViewController.swift; sourceTree = "<group>"; };
		B6FB78111A86AA4400667897 /* PlanDetailsTableViewCell.swift */ = {isa = PBXFileReference; fileEncoding = 4; lastKnownFileType = sourcecode.swift; path = PlanDetailsTableViewCell.swift; sourceTree = "<group>"; };
/* End PBXFileReference section */

/* Begin PBXFrameworksBuildPhase section */
		B621B73C1A48C65100A4A49C /* Frameworks */ = {
			isa = PBXFrameworksBuildPhase;
			buildActionMask = 2147483647;
			files = (
				B649540E1AA3627800A00C1B /* HealthKit.framework in Frameworks */,
				B676093A1A49D256005270ED /* MapKit.framework in Frameworks */,
				B621B76F1A48C74800A4A49C /* libsqlite3.dylib in Frameworks */,
				4C9EF87FA95EE29E916D1818 /* libPods-CG4 Coursework.a in Frameworks */,
			);
			runOnlyForDeploymentPostprocessing = 0;
		};
/* End PBXFrameworksBuildPhase section */

/* Begin PBXGroup section */
		4D89ED23FC9891C1D2BFECA2 /* Pods */ = {
			isa = PBXGroup;
			children = (
				404B3079BACA5930E7B1519D /* Pods-CG4 Coursework.debug.xcconfig */,
				3584E6B474B032369155AAC1 /* Pods-CG4 Coursework.release.xcconfig */,
			);
			name = Pods;
			sourceTree = "<group>";
		};
		B618ABF41A51FC4D0050EFF0 /* Runs View */ = {
			isa = PBXGroup;
			children = (
				B6B19FE81A4F89D800978FED /* RunsTableViewController.swift */,
				B65387991AB0B3620022325C /* Page View */,
				B618ABF21A51F9BB0050EFF0 /* RunTableViewCell.swift */,
				B618ABF91A5336AD0050EFF0 /* MapOverlay.swift */,
				B6C9CC1E1A7F935200EE8B5E /* AddRunTableViewController.swift */,
			);
			name = "Runs View";
			sourceTree = "<group>";
		};
		B621B7361A48C65100A4A49C = {
			isa = PBXGroup;
			children = (
				B621B7411A48C65100A4A49C /* CG4 Coursework */,
				B621B7591A48C65100A4A49C /* CG4 CourseworkTests */,
				B621B7401A48C65100A4A49C /* Products */,
				B621B77E1A48E49900A4A49C /* Frameworks */,
				4D89ED23FC9891C1D2BFECA2 /* Pods */,
			);
			sourceTree = "<group>";
		};
		B621B7401A48C65100A4A49C /* Products */ = {
			isa = PBXGroup;
			children = (
				B621B73F1A48C65100A4A49C /* Fit - Run Tracker.app */,
			);
			name = Products;
			sourceTree = "<group>";
		};
		B621B7411A48C65100A4A49C /* CG4 Coursework */ = {
			isa = PBXGroup;
			children = (
				B6CFA95B1A9F6067000EDB00 /* Graph.swift */,
				B621B7781A48D2D100A4A49C /* Conversions.swift */,
				B636014F1A9A0ACA0020FB80 /* Extensions.swift */,
				B668DB0E1A4DE8F800DC7CE6 /* ProgressBar.swift */,
				B69E48021AA614DB00129A08 /* WeightProgressBar.swift */,
				B6C9CC1C1A7EC21D00EE8B5E /* Constants.swift */,
				B6C5F9FF1A7000DC00405D25 /* SetupViewController.swift */,
				B602096D1AAF2D3D00559D2F /* MoreTableViewController.swift */,
				B6487FA11AB1DD7600DB905E /* PersonalBestsTableViewController.swift */,
				B68962F71A93D05800CCCFEA /* Picker Views */,
				B6E0B66C1A4B1BF100D1CEC4 /* Home View */,
				B618ABF41A51FC4D0050EFF0 /* Runs View */,
				B6FB78101A86A7CE00667897 /* Planned Runs */,
				B649540A1AA35BBA00A00C1B /* Calories and Weight */,
				B6DD2D181AA8C7AC0081BAE7 /* Shoes */,
				B621B7761A48D2A500A4A49C /* Custom Objects */,
				B621B7771A48D2B600A4A49C /* Database */,
				B621B7441A48C65100A4A49C /* AppDelegate.swift */,
				B621B74D1A48C65100A4A49C /* Images.xcassets */,
				B621B74F1A48C65100A4A49C /* LaunchScreen.xib */,
				B668DB041A4C782100DC7CE6 /* MainStoryboard.storyboard */,
				B621B7421A48C65100A4A49C /* Supporting Files */,
				B621B7661A48C66D00A4A49C /* CG4 Coursework-Bridging-Header.h */,
			);
			path = "CG4 Coursework";
			sourceTree = "<group>";
		};
		B621B7421A48C65100A4A49C /* Supporting Files */ = {
			isa = PBXGroup;
			children = (
				B649540F1AA36D4A00A00C1B /* CG4 Coursework.entitlements */,
				B621B7431A48C65100A4A49C /* Info.plist */,
			);
			name = "Supporting Files";
			sourceTree = "<group>";
		};
		B621B7591A48C65100A4A49C /* CG4 CourseworkTests */ = {
			isa = PBXGroup;
			children = (
				B621B75C1A48C65100A4A49C /* CG4_CourseworkTests.swift */,
				B621B75A1A48C65100A4A49C /* Supporting Files */,
			);
			path = "CG4 CourseworkTests";
			sourceTree = "<group>";
		};
		B621B75A1A48C65100A4A49C /* Supporting Files */ = {
			isa = PBXGroup;
			children = (
				B621B75B1A48C65100A4A49C /* Info.plist */,
			);
			name = "Supporting Files";
			sourceTree = "<group>";
		};
		B621B7761A48D2A500A4A49C /* Custom Objects */ = {
			isa = PBXGroup;
			children = (
				B67382B81A9F791600497D69 /* GraphCoordinate.swift */,
				B621B76A1A48C67F00A4A49C /* Run.swift */,
				B621B76C1A48C68900A4A49C /* Shoe.swift */,
				B621B77A1A48DB5400A4A49C /* Plan.swift */,
				B621B77C1A48DB6B00A4A49C /* PlannedRun.swift */,
			);
			name = "Custom Objects";
			sourceTree = "<group>";
		};
		B621B7771A48D2B600A4A49C /* Database */ = {
			isa = PBXGroup;
			children = (
				B609B82A1A49B47A006664D5 /* StravaAuth.h */,
				B609B82B1A49B47A006664D5 /* StravaAuth.m */,
				B67609361A49BB76005270ED /* StravaRuns.h */,
				B67609371A49BB76005270ED /* StravaRuns.m */,
				B621B7671A48C66E00A4A49C /* Database.h */,
				B621B7681A48C66E00A4A49C /* Database.m */,
			);
			name = Database;
			sourceTree = "<group>";
		};
		B621B77E1A48E49900A4A49C /* Frameworks */ = {
			isa = PBXGroup;
			children = (
				B649540D1AA3627800A00C1B /* HealthKit.framework */,
				B67609391A49D256005270ED /* MapKit.framework */,
				B621B76E1A48C74800A4A49C /* libsqlite3.dylib */,
				1B9643965B16056C63CC55A1 /* libPods-CG4 Coursework.a */,
			);
			name = Frameworks;
			sourceTree = "<group>";
		};
		B63601511A9A36290020FB80 /* New Planned Run */ = {
			isa = PBXGroup;
			children = (
				B6ECC73A1A93F5D1009FE6C0 /* NewPlannedRunTableViewController.swift */,
				B60B10C91A94B6A5003B30C9 /* RepeatsTableViewController.swift */,
				B60B10CB1A950E82003B30C9 /* RepeatSettingsTableViewController.swift */,
			);
			name = "New Planned Run";
			sourceTree = "<group>";
		};
		B63601541A9A37090020FB80 /* Create Plan */ = {
			isa = PBXGroup;
			children = (
				B60B10CD1A96306D003B30C9 /* CreatePlanViewController.swift */,
				B63601521A9A36630020FB80 /* PlannedRunTableViewCell.swift */,
			);
			name = "Create Plan";
			sourceTree = "<group>";
		};
		B649540A1AA35BBA00A00C1B /* Calories and Weight */ = {
			isa = PBXGroup;
			children = (
				B649540B1AA35BD400A00C1B /* CaloriesAndWeightViewController.swift */,
				B6DD2D161AA79E2D0081BAE7 /* WeightHistoryViewController.swift */,
			);
			name = "Calories and Weight";
			sourceTree = "<group>";
		};
		B65387991AB0B3620022325C /* Page View */ = {
			isa = PBXGroup;
			children = (
				B6F664C21AB09F0C0079AA18 /* RunPageViewController.swift */,
				B618ABF51A53255E0050EFF0 /* RunDetailsViewController.swift */,
				B653879A1AB0B5570022325C /* RunSplitsTableViewController.swift */,
				B6F664C61AB0A4060079AA18 /* RunShoesTableViewController.swift */,
				B620780E1AB0FFEF00817EAD /* RunShoeSelectorTableViewController.swift */,
			);
			name = "Page View";
			sourceTree = "<group>";
		};
		B68962F61A939C8D00CCCFEA /* Plan Creation */ = {
			isa = PBXGroup;
			children = (
				B668B4BF1A935D230010325B /* CreatePlanBackSegue.swift */,
				B6F9A0DC1A8A4B1600C5828F /* InitialCreatePlanTableViewController.swift */,
				B63601541A9A37090020FB80 /* Create Plan */,
				B63601511A9A36290020FB80 /* New Planned Run */,
			);
			name = "Plan Creation";
			sourceTree = "<group>";
		};
		B68962F71A93D05800CCCFEA /* Picker Views */ = {
			isa = PBXGroup;
			children = (
				B6ECC7381A93D776009FE6C0 /* PacePicker.swift */,
				B68962F81A93D07600CCCFEA /* DistancePicker.swift */,
				B6ECC7361A93D6D4009FE6C0 /* DurationPicker.swift */,
				B6995A4D1AB36F8700686327 /* ShoePicker.swift */,
			);
			name = "Picker Views";
			sourceTree = "<group>";
		};
		B6DD2D181AA8C7AC0081BAE7 /* Shoes */ = {
			isa = PBXGroup;
			children = (
				B6DD2D191AA8C7C10081BAE7 /* MyShoesTableViewController.swift */,
				B668D7C51AB86F6C00CC5E51 /* ShoeTableViewCell.swift */,
				B6DD2D1D1AA8D0110081BAE7 /* AddNewShoeTableViewController.swift */,
			);
			name = Shoes;
			sourceTree = "<group>";
		};
		B6E0B66C1A4B1BF100D1CEC4 /* Home View */ = {
			isa = PBXGroup;
			children = (
				B668DB061A4DDF2700DC7CE6 /* HomeTableViewController.swift */,
			);
			name = "Home View";
			sourceTree = "<group>";
		};
		B6FB78101A86A7CE00667897 /* Planned Runs */ = {
			isa = PBXGroup;
			children = (
				B6F9A0E01A9226AC00C5828F /* TrainingPlansTableViewController.swift */,
				B6FB780E1A86A7C700667897 /* PlanDetailsViewController.swift */,
				B6FB78111A86AA4400667897 /* PlanDetailsTableViewCell.swift */,
				B68962F61A939C8D00CCCFEA /* Plan Creation */,
			);
			name = "Planned Runs";
			sourceTree = "<group>";
		};
/* End PBXGroup section */

/* Begin PBXNativeTarget section */
		B621B73E1A48C65100A4A49C /* Fit - Run Tracker */ = {
			isa = PBXNativeTarget;
			buildConfigurationList = B621B7601A48C65100A4A49C /* Build configuration list for PBXNativeTarget "Fit - Run Tracker" */;
			buildPhases = (
				5BD3255492C1D4C336A16D5F /* Check Pods Manifest.lock */,
				B621B73B1A48C65100A4A49C /* Sources */,
				B621B73C1A48C65100A4A49C /* Frameworks */,
				B621B73D1A48C65100A4A49C /* Resources */,
				8ABFE7321051B50E052AC0CB /* Copy Pods Resources */,
			);
			buildRules = (
			);
			dependencies = (
			);
			name = "Fit - Run Tracker";
			productName = "CG4 Coursework";
			productReference = B621B73F1A48C65100A4A49C /* Fit - Run Tracker.app */;
			productType = "com.apple.product-type.application";
		};
/* End PBXNativeTarget section */

/* Begin PBXProject section */
		B621B7371A48C65100A4A49C /* Project object */ = {
			isa = PBXProject;
			attributes = {
				LastUpgradeCheck = 1010;
				ORGANIZATIONNAME = "William Ray";
				TargetAttributes = {
					B621B73E1A48C65100A4A49C = {
						CreatedOnToolsVersion = 6.1.1;
						DevelopmentTeam = 3G8JD7RB8D;
						LastSwiftMigration = 1010;
						SystemCapabilities = {
							com.apple.HealthKit = {
								enabled = 1;
							};
						};
					};
				};
			};
			buildConfigurationList = B621B73A1A48C65100A4A49C /* Build configuration list for PBXProject "Fit - Run Tracker" */;
			compatibilityVersion = "Xcode 3.2";
			developmentRegion = English;
			hasScannedForEncodings = 0;
			knownRegions = (
				en,
				Base,
			);
			mainGroup = B621B7361A48C65100A4A49C;
			productRefGroup = B621B7401A48C65100A4A49C /* Products */;
			projectDirPath = "";
			projectRoot = "";
			targets = (
				B621B73E1A48C65100A4A49C /* Fit - Run Tracker */,
			);
		};
/* End PBXProject section */

/* Begin PBXResourcesBuildPhase section */
		B621B73D1A48C65100A4A49C /* Resources */ = {
			isa = PBXResourcesBuildPhase;
			buildActionMask = 2147483647;
			files = (
				B668DB051A4C782100DC7CE6 /* MainStoryboard.storyboard in Resources */,
				B621B7511A48C65100A4A49C /* LaunchScreen.xib in Resources */,
				B621B74E1A48C65100A4A49C /* Images.xcassets in Resources */,
			);
			runOnlyForDeploymentPostprocessing = 0;
		};
/* End PBXResourcesBuildPhase section */

/* Begin PBXShellScriptBuildPhase section */
		5BD3255492C1D4C336A16D5F /* Check Pods Manifest.lock */ = {
			isa = PBXShellScriptBuildPhase;
			buildActionMask = 2147483647;
			files = (
			);
			inputPaths = (
			);
			name = "Check Pods Manifest.lock";
			outputPaths = (
			);
			runOnlyForDeploymentPostprocessing = 0;
			shellPath = /bin/sh;
			shellScript = "diff \"${PODS_ROOT}/../Podfile.lock\" \"${PODS_ROOT}/Manifest.lock\" > /dev/null\nif [[ $? != 0 ]] ; then\n    cat << EOM\nerror: The sandbox is not in sync with the Podfile.lock. Run 'pod install' or update your CocoaPods installation.\nEOM\n    exit 1\nfi\n";
			showEnvVarsInLog = 0;
		};
		8ABFE7321051B50E052AC0CB /* Copy Pods Resources */ = {
			isa = PBXShellScriptBuildPhase;
			buildActionMask = 2147483647;
			files = (
			);
			inputPaths = (
			);
			name = "Copy Pods Resources";
			outputPaths = (
			);
			runOnlyForDeploymentPostprocessing = 0;
			shellPath = /bin/sh;
			shellScript = "\"${SRCROOT}/Pods/Target Support Files/Pods-CG4 Coursework/Pods-CG4 Coursework-resources.sh\"\n";
			showEnvVarsInLog = 0;
		};
/* End PBXShellScriptBuildPhase section */

/* Begin PBXSourcesBuildPhase section */
		B621B73B1A48C65100A4A49C /* Sources */ = {
			isa = PBXSourcesBuildPhase;
			buildActionMask = 2147483647;
			files = (
				B67382B91A9F791600497D69 /* GraphCoordinate.swift in Sources */,
				B6FB78121A86AA4400667897 /* PlanDetailsTableViewCell.swift in Sources */,
				B6F9A0E11A9226AC00C5828F /* TrainingPlansTableViewController.swift in Sources */,
				B6FB780F1A86A7C700667897 /* PlanDetailsViewController.swift in Sources */,
				B668DB071A4DDF2700DC7CE6 /* HomeTableViewController.swift in Sources */,
				B621B77B1A48DB5400A4A49C /* Plan.swift in Sources */,
				B6C9CC1F1A7F935200EE8B5E /* AddRunTableViewController.swift in Sources */,
				B6995A4E1AB36F8700686327 /* ShoePicker.swift in Sources */,
				B649540C1AA35BD400A00C1B /* CaloriesAndWeightViewController.swift in Sources */,
				B620780F1AB0FFEF00817EAD /* RunShoeSelectorTableViewController.swift in Sources */,
				B621B77D1A48DB6B00A4A49C /* PlannedRun.swift in Sources */,
				B6F664C71AB0A4060079AA18 /* RunShoesTableViewController.swift in Sources */,
				B6DD2D1A1AA8C7C10081BAE7 /* MyShoesTableViewController.swift in Sources */,
				B653879B1AB0B5570022325C /* RunSplitsTableViewController.swift in Sources */,
				B618ABF61A53255E0050EFF0 /* RunDetailsViewController.swift in Sources */,
				B6ECC73B1A93F5D1009FE6C0 /* NewPlannedRunTableViewController.swift in Sources */,
				B621B76D1A48C68900A4A49C /* Shoe.swift in Sources */,
				B6C9CC1D1A7EC21D00EE8B5E /* Constants.swift in Sources */,
				B68962F91A93D07600CCCFEA /* DistancePicker.swift in Sources */,
				B668DB0F1A4DE8F800DC7CE6 /* ProgressBar.swift in Sources */,
				B609B82C1A49B47A006664D5 /* StravaAuth.m in Sources */,
				B60B10CC1A950E82003B30C9 /* RepeatSettingsTableViewController.swift in Sources */,
				B668B4C01A935D230010325B /* CreatePlanBackSegue.swift in Sources */,
				B60B10CA1A94B6A5003B30C9 /* RepeatsTableViewController.swift in Sources */,
				B63601531A9A36630020FB80 /* PlannedRunTableViewCell.swift in Sources */,
				B621B7791A48D2D100A4A49C /* Conversions.swift in Sources */,
				B621B7451A48C65100A4A49C /* AppDelegate.swift in Sources */,
				B618ABF31A51F9BB0050EFF0 /* RunTableViewCell.swift in Sources */,
				B6F9A0DD1A8A4B1600C5828F /* InitialCreatePlanTableViewController.swift in Sources */,
				B6487FA21AB1DD7600DB905E /* PersonalBestsTableViewController.swift in Sources */,
				B67609381A49BB76005270ED /* StravaRuns.m in Sources */,
				B69E48031AA614DB00129A08 /* WeightProgressBar.swift in Sources */,
				B6CFA95C1A9F6067000EDB00 /* Graph.swift in Sources */,
				B621B7691A48C66E00A4A49C /* Database.m in Sources */,
				B621B76B1A48C67F00A4A49C /* Run.swift in Sources */,
				B63601501A9A0ACA0020FB80 /* Extensions.swift in Sources */,
				B6B19FE91A4F89D800978FED /* RunsTableViewController.swift in Sources */,
				B668D7C61AB86F6C00CC5E51 /* ShoeTableViewCell.swift in Sources */,
				B60B10CE1A96306D003B30C9 /* CreatePlanViewController.swift in Sources */,
				B6C5FA001A7000DC00405D25 /* SetupViewController.swift in Sources */,
				B6ECC7391A93D776009FE6C0 /* PacePicker.swift in Sources */,
				B6ECC7371A93D6D4009FE6C0 /* DurationPicker.swift in Sources */,
				B6F664C31AB09F0C0079AA18 /* RunPageViewController.swift in Sources */,
				B602096E1AAF2D3D00559D2F /* MoreTableViewController.swift in Sources */,
				B6DD2D1E1AA8D0110081BAE7 /* AddNewShoeTableViewController.swift in Sources */,
				B618ABFA1A5336AD0050EFF0 /* MapOverlay.swift in Sources */,
				B6DD2D171AA79E2D0081BAE7 /* WeightHistoryViewController.swift in Sources */,
			);
			runOnlyForDeploymentPostprocessing = 0;
		};
/* End PBXSourcesBuildPhase section */

/* Begin PBXVariantGroup section */
		B621B74F1A48C65100A4A49C /* LaunchScreen.xib */ = {
			isa = PBXVariantGroup;
			children = (
				B621B7501A48C65100A4A49C /* Base */,
			);
			name = LaunchScreen.xib;
			sourceTree = "<group>";
		};
/* End PBXVariantGroup section */

/* Begin XCBuildConfiguration section */
		B621B75E1A48C65100A4A49C /* Debug */ = {
			isa = XCBuildConfiguration;
			buildSettings = {
				ALWAYS_SEARCH_USER_PATHS = NO;
				CLANG_CXX_LANGUAGE_STANDARD = "gnu++0x";
				CLANG_CXX_LIBRARY = "libc++";
				CLANG_ENABLE_MODULES = YES;
				CLANG_ENABLE_OBJC_ARC = YES;
				CLANG_WARN_BLOCK_CAPTURE_AUTORELEASING = YES;
				CLANG_WARN_BOOL_CONVERSION = YES;
				CLANG_WARN_COMMA = YES;
				CLANG_WARN_CONSTANT_CONVERSION = YES;
				CLANG_WARN_DEPRECATED_OBJC_IMPLEMENTATIONS = YES;
				CLANG_WARN_DIRECT_OBJC_ISA_USAGE = YES_ERROR;
				CLANG_WARN_EMPTY_BODY = YES;
				CLANG_WARN_ENUM_CONVERSION = YES;
				CLANG_WARN_INFINITE_RECURSION = YES;
				CLANG_WARN_INT_CONVERSION = YES;
				CLANG_WARN_NON_LITERAL_NULL_CONVERSION = YES;
				CLANG_WARN_OBJC_IMPLICIT_RETAIN_SELF = YES;
				CLANG_WARN_OBJC_LITERAL_CONVERSION = YES;
				CLANG_WARN_OBJC_ROOT_CLASS = YES_ERROR;
				CLANG_WARN_RANGE_LOOP_ANALYSIS = YES;
				CLANG_WARN_STRICT_PROTOTYPES = YES;
				CLANG_WARN_SUSPICIOUS_MOVE = YES;
				CLANG_WARN_UNREACHABLE_CODE = YES;
				CLANG_WARN__DUPLICATE_METHOD_MATCH = YES;
				"CODE_SIGN_IDENTITY[sdk=iphoneos*]" = "iPhone Developer";
				COPY_PHASE_STRIP = NO;
				ENABLE_STRICT_OBJC_MSGSEND = YES;
				ENABLE_TESTABILITY = YES;
				GCC_C_LANGUAGE_STANDARD = gnu99;
				GCC_DYNAMIC_NO_PIC = NO;
				GCC_NO_COMMON_BLOCKS = YES;
				GCC_OPTIMIZATION_LEVEL = 0;
				GCC_PREPROCESSOR_DEFINITIONS = (
					"DEBUG=1",
					"$(inherited)",
				);
				GCC_SYMBOLS_PRIVATE_EXTERN = NO;
				GCC_WARN_64_TO_32_BIT_CONVERSION = YES;
				GCC_WARN_ABOUT_RETURN_TYPE = YES_ERROR;
				GCC_WARN_UNDECLARED_SELECTOR = YES;
				GCC_WARN_UNINITIALIZED_AUTOS = YES_AGGRESSIVE;
				GCC_WARN_UNUSED_FUNCTION = YES;
				GCC_WARN_UNUSED_VARIABLE = YES;
				IPHONEOS_DEPLOYMENT_TARGET = 8.1;
				MTL_ENABLE_DEBUG_INFO = YES;
				ONLY_ACTIVE_ARCH = YES;
				SDKROOT = iphoneos;
				SWIFT_OPTIMIZATION_LEVEL = "-Onone";
				SWIFT_VERSION = 3.0;
			};
			name = Debug;
		};
		B621B75F1A48C65100A4A49C /* Release */ = {
			isa = XCBuildConfiguration;
			buildSettings = {
				ALWAYS_SEARCH_USER_PATHS = NO;
				CLANG_CXX_LANGUAGE_STANDARD = "gnu++0x";
				CLANG_CXX_LIBRARY = "libc++";
				CLANG_ENABLE_MODULES = YES;
				CLANG_ENABLE_OBJC_ARC = YES;
				CLANG_WARN_BLOCK_CAPTURE_AUTORELEASING = YES;
				CLANG_WARN_BOOL_CONVERSION = YES;
				CLANG_WARN_COMMA = YES;
				CLANG_WARN_CONSTANT_CONVERSION = YES;
				CLANG_WARN_DEPRECATED_OBJC_IMPLEMENTATIONS = YES;
				CLANG_WARN_DIRECT_OBJC_ISA_USAGE = YES_ERROR;
				CLANG_WARN_EMPTY_BODY = YES;
				CLANG_WARN_ENUM_CONVERSION = YES;
				CLANG_WARN_INFINITE_RECURSION = YES;
				CLANG_WARN_INT_CONVERSION = YES;
				CLANG_WARN_NON_LITERAL_NULL_CONVERSION = YES;
				CLANG_WARN_OBJC_IMPLICIT_RETAIN_SELF = YES;
				CLANG_WARN_OBJC_LITERAL_CONVERSION = YES;
				CLANG_WARN_OBJC_ROOT_CLASS = YES_ERROR;
				CLANG_WARN_RANGE_LOOP_ANALYSIS = YES;
				CLANG_WARN_STRICT_PROTOTYPES = YES;
				CLANG_WARN_SUSPICIOUS_MOVE = YES;
				CLANG_WARN_UNREACHABLE_CODE = YES;
				CLANG_WARN__DUPLICATE_METHOD_MATCH = YES;
				"CODE_SIGN_IDENTITY[sdk=iphoneos*]" = "iPhone Developer";
				COPY_PHASE_STRIP = YES;
				ENABLE_NS_ASSERTIONS = NO;
				ENABLE_STRICT_OBJC_MSGSEND = YES;
				GCC_C_LANGUAGE_STANDARD = gnu99;
				GCC_NO_COMMON_BLOCKS = YES;
				GCC_WARN_64_TO_32_BIT_CONVERSION = YES;
				GCC_WARN_ABOUT_RETURN_TYPE = YES_ERROR;
				GCC_WARN_UNDECLARED_SELECTOR = YES;
				GCC_WARN_UNINITIALIZED_AUTOS = YES_AGGRESSIVE;
				GCC_WARN_UNUSED_FUNCTION = YES;
				GCC_WARN_UNUSED_VARIABLE = YES;
				IPHONEOS_DEPLOYMENT_TARGET = 8.1;
				MTL_ENABLE_DEBUG_INFO = NO;
				SDKROOT = iphoneos;
				SWIFT_OPTIMIZATION_LEVEL = "-Owholemodule";
				SWIFT_VERSION = 3.0;
				VALIDATE_PRODUCT = YES;
			};
			name = Release;
		};
		B621B7611A48C65100A4A49C /* Debug */ = {
			isa = XCBuildConfiguration;
			baseConfigurationReference = 404B3079BACA5930E7B1519D /* Pods-CG4 Coursework.debug.xcconfig */;
			buildSettings = {
				ALWAYS_EMBED_SWIFT_STANDARD_LIBRARIES = YES;
				ASSETCATALOG_COMPILER_APPICON_NAME = AppIcon;
				CLANG_ENABLE_MODULES = YES;
				CODE_SIGN_ENTITLEMENTS = "CG4 Coursework/CG4 Coursework.entitlements";
				CODE_SIGN_IDENTITY = "iPhone Developer";
				"CODE_SIGN_IDENTITY[sdk=iphoneos*]" = "iPhone Developer";
				DEVELOPMENT_TEAM = 3G8JD7RB8D;
				INFOPLIST_FILE = "CG4 Coursework/Info.plist";
				IPHONEOS_DEPLOYMENT_TARGET = 8.0;
				LD_RUNPATH_SEARCH_PATHS = "$(inherited) @executable_path/Frameworks";
				PRODUCT_BUNDLE_IDENTIFIER = "com.William-Ray.Fit---Run-Tracker";
				PRODUCT_NAME = "Fit - Run Tracker";
				PROVISIONING_PROFILE = "";
				SWIFT_OBJC_BRIDGING_HEADER = "CG4 Coursework/CG4 Coursework-Bridging-Header.h";
				SWIFT_OPTIMIZATION_LEVEL = "-Onone";
				SWIFT_SWIFT3_OBJC_INFERENCE = On;
				SWIFT_VERSION = 4.2;
				TARGETED_DEVICE_FAMILY = 1;
			};
			name = Debug;
		};
		B621B7621A48C65100A4A49C /* Release */ = {
			isa = XCBuildConfiguration;
			baseConfigurationReference = 3584E6B474B032369155AAC1 /* Pods-CG4 Coursework.release.xcconfig */;
			buildSettings = {
				ALWAYS_EMBED_SWIFT_STANDARD_LIBRARIES = YES;
				ASSETCATALOG_COMPILER_APPICON_NAME = AppIcon;
				CLANG_ENABLE_MODULES = YES;
				CODE_SIGN_ENTITLEMENTS = "CG4 Coursework/CG4 Coursework.entitlements";
				CODE_SIGN_IDENTITY = "iPhone Developer";
				"CODE_SIGN_IDENTITY[sdk=iphoneos*]" = "iPhone Developer";
				DEVELOPMENT_TEAM = 3G8JD7RB8D;
				INFOPLIST_FILE = "CG4 Coursework/Info.plist";
				IPHONEOS_DEPLOYMENT_TARGET = 8.0;
				LD_RUNPATH_SEARCH_PATHS = "$(inherited) @executable_path/Frameworks";
				PRODUCT_BUNDLE_IDENTIFIER = "com.William-Ray.Fit---Run-Tracker";
				PRODUCT_NAME = "Fit - Run Tracker";
				PROVISIONING_PROFILE = "";
				SWIFT_OBJC_BRIDGING_HEADER = "CG4 Coursework/CG4 Coursework-Bridging-Header.h";
				SWIFT_SWIFT3_OBJC_INFERENCE = On;
				SWIFT_VERSION = 4.2;
				TARGETED_DEVICE_FAMILY = 1;
			};
			name = Release;
		};
/* End XCBuildConfiguration section */

/* Begin XCConfigurationList section */
		B621B73A1A48C65100A4A49C /* Build configuration list for PBXProject "Fit - Run Tracker" */ = {
			isa = XCConfigurationList;
			buildConfigurations = (
				B621B75E1A48C65100A4A49C /* Debug */,
				B621B75F1A48C65100A4A49C /* Release */,
			);
			defaultConfigurationIsVisible = 0;
			defaultConfigurationName = Release;
		};
		B621B7601A48C65100A4A49C /* Build configuration list for PBXNativeTarget "Fit - Run Tracker" */ = {
			isa = XCConfigurationList;
			buildConfigurations = (
				B621B7611A48C65100A4A49C /* Debug */,
				B621B7621A48C65100A4A49C /* Release */,
			);
			defaultConfigurationIsVisible = 0;
			defaultConfigurationName = Release;
		};
/* End XCConfigurationList section */
	};
	rootObject = B621B7371A48C65100A4A49C /* Project object */;
}
